// !$*UTF8*$!
{
	archiveVersion = 1;
	classes = {
	};
	objectVersion = 50;
	objects = {

/* Begin PBXBuildFile section */
		143564232077026300AEE097 /* workerCell.swift in Sources */ = {isa = PBXBuildFile; fileRef = 143564212077026300AEE097 /* workerCell.swift */; };
		143564242077026300AEE097 /* workerCell.xib in Resources */ = {isa = PBXBuildFile; fileRef = 143564222077026300AEE097 /* workerCell.xib */; };
		144A94DF2073D6330024B912 /* AppDelegate.swift in Sources */ = {isa = PBXBuildFile; fileRef = 144A94DE2073D6330024B912 /* AppDelegate.swift */; };
		144A94E12073D6330024B912 /* HomeVC.swift in Sources */ = {isa = PBXBuildFile; fileRef = 144A94E02073D6330024B912 /* HomeVC.swift */; };
		144A94E42073D6330024B912 /* Main.storyboard in Resources */ = {isa = PBXBuildFile; fileRef = 144A94E22073D6330024B912 /* Main.storyboard */; };
		144A94E62073D6340024B912 /* Assets.xcassets in Resources */ = {isa = PBXBuildFile; fileRef = 144A94E52073D6340024B912 /* Assets.xcassets */; };
		144A94E92073D6340024B912 /* LaunchScreen.storyboard in Resources */ = {isa = PBXBuildFile; fileRef = 144A94E72073D6340024B912 /* LaunchScreen.storyboard */; };
		144A94F92073DBDC0024B912 /* SectionData.swift in Sources */ = {isa = PBXBuildFile; fileRef = 144A94F82073DBDC0024B912 /* SectionData.swift */; };
		144A94FC2073DC6A0024B912 /* color.swift in Sources */ = {isa = PBXBuildFile; fileRef = 144A94FB2073DC6A0024B912 /* color.swift */; };
		144A94FE2073DFA00024B912 /* UIViewController.swift in Sources */ = {isa = PBXBuildFile; fileRef = 144A94FD2073DFA00024B912 /* UIViewController.swift */; };
		144A95032074167A0024B912 /* WorkerCollectionVC.swift in Sources */ = {isa = PBXBuildFile; fileRef = 144A95022074167A0024B912 /* WorkerCollectionVC.swift */; };
		144A950620741DA00024B912 /* SectionPagingCell.swift in Sources */ = {isa = PBXBuildFile; fileRef = 144A950520741DA00024B912 /* SectionPagingCell.swift */; };
		144E80A22075096A0049FEB3 /* GoogleService-Info.plist in Resources */ = {isa = PBXBuildFile; fileRef = 144E80A1207509690049FEB3 /* GoogleService-Info.plist */; };
		144E80C92075612D0049FEB3 /* sectionModel.swift in Sources */ = {isa = PBXBuildFile; fileRef = 144E80C82075612D0049FEB3 /* sectionModel.swift */; };
		144E80CB207561690049FEB3 /* workerModel.swift in Sources */ = {isa = PBXBuildFile; fileRef = 144E80CA207561690049FEB3 /* workerModel.swift */; };
		144E80CD20757AED0049FEB3 /* String.swift in Sources */ = {isa = PBXBuildFile; fileRef = 144E80CC20757AEC0049FEB3 /* String.swift */; };
		144E80CF207580FE0049FEB3 /* dataFeederProtocol.swift in Sources */ = {isa = PBXBuildFile; fileRef = 144E80CE207580FE0049FEB3 /* dataFeederProtocol.swift */; };
		1461F21C207852D40061DE1C /* image.swift in Sources */ = {isa = PBXBuildFile; fileRef = 1461F21B207852D40061DE1C /* image.swift */; };
		1461F21E207861450061DE1C /* view.swift in Sources */ = {isa = PBXBuildFile; fileRef = 1461F21D207861450061DE1C /* view.swift */; };
		1461F22A2078929F0061DE1C /* CAPSPageMenu.swift in Sources */ = {isa = PBXBuildFile; fileRef = 1461F2232078929D0061DE1C /* CAPSPageMenu.swift */; };
		1461F22B2078929F0061DE1C /* CAPSPageMenu+Options.swift in Sources */ = {isa = PBXBuildFile; fileRef = 1461F2242078929E0061DE1C /* CAPSPageMenu+Options.swift */; };
		1461F22C2078929F0061DE1C /* MenuItemView.swift in Sources */ = {isa = PBXBuildFile; fileRef = 1461F2252078929E0061DE1C /* MenuItemView.swift */; };
		1461F22D2078929F0061DE1C /* CAPSPageMenu+UIConfiguration.swift in Sources */ = {isa = PBXBuildFile; fileRef = 1461F2262078929E0061DE1C /* CAPSPageMenu+UIConfiguration.swift */; };
		1461F22E2078929F0061DE1C /* CAPSPageMenu+UIGestureRecognizerDelegate.swift in Sources */ = {isa = PBXBuildFile; fileRef = 1461F2272078929F0061DE1C /* CAPSPageMenu+UIGestureRecognizerDelegate.swift */; };
		1461F22F2078929F0061DE1C /* CAPSPageMenuConfiguration.swift in Sources */ = {isa = PBXBuildFile; fileRef = 1461F2282078929F0061DE1C /* CAPSPageMenuConfiguration.swift */; };
		1461F2302078929F0061DE1C /* CAPSPageMenu+UIScrollViewDelegate.swift in Sources */ = {isa = PBXBuildFile; fileRef = 1461F2292078929F0061DE1C /* CAPSPageMenu+UIScrollViewDelegate.swift */; };
		1461F232207896BF0061DE1C /* PageMenuDataModel.swift in Sources */ = {isa = PBXBuildFile; fileRef = 1461F231207896BF0061DE1C /* PageMenuDataModel.swift */; };
		1461F2342079872A0061DE1C /* dalBaseView.swift in Sources */ = {isa = PBXBuildFile; fileRef = 1461F2332079872A0061DE1C /* dalBaseView.swift */; };
		1461F236207995F90061DE1C /* workerDetailsVC.swift in Sources */ = {isa = PBXBuildFile; fileRef = 1461F235207995F90061DE1C /* workerDetailsVC.swift */; };
		1461F2382079B28D0061DE1C /* baseViewController.swift in Sources */ = {isa = PBXBuildFile; fileRef = 1461F2372079B28D0061DE1C /* baseViewController.swift */; };
		1461F23B207B06420061DE1C /* dalAlert.swift in Sources */ = {isa = PBXBuildFile; fileRef = 1461F23A207B06420061DE1C /* dalAlert.swift */; };
		1461F23D207B08660061DE1C /* dalAlert-extentions.swift in Sources */ = {isa = PBXBuildFile; fileRef = 1461F23C207B08660061DE1C /* dalAlert-extentions.swift */; };
		1461F25D207BC7EB0061DE1C /* skillModel.swift in Sources */ = {isa = PBXBuildFile; fileRef = 1461F25C207BC7EB0061DE1C /* skillModel.swift */; };
		1466A91F208791BC00C3B355 /* Pods_Dal.framework in Frameworks */ = {isa = PBXBuildFile; fileRef = 1466A91E208791BC00C3B355 /* Pods_Dal.framework */; };
		1466A92120883F4900C3B355 /* settingsVC.swift in Sources */ = {isa = PBXBuildFile; fileRef = 1466A92020883F4900C3B355 /* settingsVC.swift */; };
		1466A92320885FFF00C3B355 /* button.swift in Sources */ = {isa = PBXBuildFile; fileRef = 1466A92220885FFF00C3B355 /* button.swift */; };
		147E96062086788F0015BD73 /* locator.swift in Sources */ = {isa = PBXBuildFile; fileRef = 147E96052086788F0015BD73 /* locator.swift */; };
		147E9608208686FE0015BD73 /* locationModel.swift in Sources */ = {isa = PBXBuildFile; fileRef = 147E9607208686FE0015BD73 /* locationModel.swift */; };
		14AF8847207E63030055411E /* addworkerVC.swift in Sources */ = {isa = PBXBuildFile; fileRef = 14AF8846207E63030055411E /* addworkerVC.swift */; };
		14AF8849207E9DB90055411E /* googleMapVC.swift in Sources */ = {isa = PBXBuildFile; fileRef = 14AF8848207E9DB90055411E /* googleMapVC.swift */; };
		14AF884F207EC9000055411E /* dalSelectionDataSource.swift in Sources */ = {isa = PBXBuildFile; fileRef = 14AF884E207EC9000055411E /* dalSelectionDataSource.swift */; };
		14AF8851207EC9B20055411E /* dalSelection.swift in Sources */ = {isa = PBXBuildFile; fileRef = 14AF8850207EC9B20055411E /* dalSelection.swift */; };
		14AF8853207EEC1F0055411E /* dalSelectionCell.xib in Resources */ = {isa = PBXBuildFile; fileRef = 14AF8852207EEC1F0055411E /* dalSelectionCell.xib */; };
		14AF8855207EED440055411E /* dalSelectionCell.swift in Sources */ = {isa = PBXBuildFile; fileRef = 14AF8854207EED440055411E /* dalSelectionCell.swift */; };
/* End PBXBuildFile section */

/* Begin PBXFileReference section */
		143564212077026300AEE097 /* workerCell.swift */ = {isa = PBXFileReference; lastKnownFileType = sourcecode.swift; path = workerCell.swift; sourceTree = "<group>"; };
		143564222077026300AEE097 /* workerCell.xib */ = {isa = PBXFileReference; lastKnownFileType = file.xib; path = workerCell.xib; sourceTree = "<group>"; };
		144A94DB2073D6330024B912 /* Dal.app */ = {isa = PBXFileReference; explicitFileType = wrapper.application; includeInIndex = 0; path = Dal.app; sourceTree = BUILT_PRODUCTS_DIR; };
		144A94DE2073D6330024B912 /* AppDelegate.swift */ = {isa = PBXFileReference; lastKnownFileType = sourcecode.swift; path = AppDelegate.swift; sourceTree = "<group>"; };
		144A94E02073D6330024B912 /* HomeVC.swift */ = {isa = PBXFileReference; lastKnownFileType = sourcecode.swift; path = HomeVC.swift; sourceTree = "<group>"; };
		144A94E32073D6330024B912 /* Base */ = {isa = PBXFileReference; lastKnownFileType = file.storyboard; name = Base; path = Base.lproj/Main.storyboard; sourceTree = "<group>"; };
		144A94E52073D6340024B912 /* Assets.xcassets */ = {isa = PBXFileReference; lastKnownFileType = folder.assetcatalog; path = Assets.xcassets; sourceTree = "<group>"; };
		144A94E82073D6340024B912 /* Base */ = {isa = PBXFileReference; lastKnownFileType = file.storyboard; name = Base; path = Base.lproj/LaunchScreen.storyboard; sourceTree = "<group>"; };
		144A94EA2073D6340024B912 /* Info.plist */ = {isa = PBXFileReference; lastKnownFileType = text.plist.xml; path = Info.plist; sourceTree = "<group>"; };
		144A94F82073DBDC0024B912 /* SectionData.swift */ = {isa = PBXFileReference; fileEncoding = 4; lastKnownFileType = sourcecode.swift; path = SectionData.swift; sourceTree = "<group>"; };
		144A94FB2073DC6A0024B912 /* color.swift */ = {isa = PBXFileReference; lastKnownFileType = sourcecode.swift; path = color.swift; sourceTree = "<group>"; };
		144A94FD2073DFA00024B912 /* UIViewController.swift */ = {isa = PBXFileReference; lastKnownFileType = sourcecode.swift; path = UIViewController.swift; sourceTree = "<group>"; };
		144A95022074167A0024B912 /* WorkerCollectionVC.swift */ = {isa = PBXFileReference; lastKnownFileType = sourcecode.swift; path = WorkerCollectionVC.swift; sourceTree = "<group>"; };
		144A950520741DA00024B912 /* SectionPagingCell.swift */ = {isa = PBXFileReference; lastKnownFileType = sourcecode.swift; path = SectionPagingCell.swift; sourceTree = "<group>"; };
		144E80A1207509690049FEB3 /* GoogleService-Info.plist */ = {isa = PBXFileReference; fileEncoding = 4; lastKnownFileType = text.plist.xml; path = "GoogleService-Info.plist"; sourceTree = "<group>"; };
		144E80C82075612D0049FEB3 /* sectionModel.swift */ = {isa = PBXFileReference; lastKnownFileType = sourcecode.swift; path = sectionModel.swift; sourceTree = "<group>"; };
		144E80CA207561690049FEB3 /* workerModel.swift */ = {isa = PBXFileReference; lastKnownFileType = sourcecode.swift; path = workerModel.swift; sourceTree = "<group>"; };
		144E80CC20757AEC0049FEB3 /* String.swift */ = {isa = PBXFileReference; lastKnownFileType = sourcecode.swift; path = String.swift; sourceTree = "<group>"; };
		144E80CE207580FE0049FEB3 /* dataFeederProtocol.swift */ = {isa = PBXFileReference; lastKnownFileType = sourcecode.swift; path = dataFeederProtocol.swift; sourceTree = "<group>"; };
		1461F21B207852D40061DE1C /* image.swift */ = {isa = PBXFileReference; lastKnownFileType = sourcecode.swift; path = image.swift; sourceTree = "<group>"; };
		1461F21D207861450061DE1C /* view.swift */ = {isa = PBXFileReference; lastKnownFileType = sourcecode.swift; path = view.swift; sourceTree = "<group>"; };
		1461F2232078929D0061DE1C /* CAPSPageMenu.swift */ = {isa = PBXFileReference; lastKnownFileType = sourcecode.swift; path = CAPSPageMenu.swift; sourceTree = "<group>"; };
		1461F2242078929E0061DE1C /* CAPSPageMenu+Options.swift */ = {isa = PBXFileReference; lastKnownFileType = sourcecode.swift; path = "CAPSPageMenu+Options.swift"; sourceTree = "<group>"; };
		1461F2252078929E0061DE1C /* MenuItemView.swift */ = {isa = PBXFileReference; lastKnownFileType = sourcecode.swift; path = MenuItemView.swift; sourceTree = "<group>"; };
		1461F2262078929E0061DE1C /* CAPSPageMenu+UIConfiguration.swift */ = {isa = PBXFileReference; lastKnownFileType = sourcecode.swift; path = "CAPSPageMenu+UIConfiguration.swift"; sourceTree = "<group>"; };
		1461F2272078929F0061DE1C /* CAPSPageMenu+UIGestureRecognizerDelegate.swift */ = {isa = PBXFileReference; lastKnownFileType = sourcecode.swift; path = "CAPSPageMenu+UIGestureRecognizerDelegate.swift"; sourceTree = "<group>"; };
		1461F2282078929F0061DE1C /* CAPSPageMenuConfiguration.swift */ = {isa = PBXFileReference; lastKnownFileType = sourcecode.swift; path = CAPSPageMenuConfiguration.swift; sourceTree = "<group>"; };
		1461F2292078929F0061DE1C /* CAPSPageMenu+UIScrollViewDelegate.swift */ = {isa = PBXFileReference; lastKnownFileType = sourcecode.swift; path = "CAPSPageMenu+UIScrollViewDelegate.swift"; sourceTree = "<group>"; };
		1461F231207896BF0061DE1C /* PageMenuDataModel.swift */ = {isa = PBXFileReference; lastKnownFileType = sourcecode.swift; path = PageMenuDataModel.swift; sourceTree = "<group>"; };
		1461F2332079872A0061DE1C /* dalBaseView.swift */ = {isa = PBXFileReference; lastKnownFileType = sourcecode.swift; path = dalBaseView.swift; sourceTree = "<group>"; };
		1461F235207995F90061DE1C /* workerDetailsVC.swift */ = {isa = PBXFileReference; lastKnownFileType = sourcecode.swift; path = workerDetailsVC.swift; sourceTree = "<group>"; };
		1461F2372079B28D0061DE1C /* baseViewController.swift */ = {isa = PBXFileReference; lastKnownFileType = sourcecode.swift; path = baseViewController.swift; sourceTree = "<group>"; };
		1461F23A207B06420061DE1C /* dalAlert.swift */ = {isa = PBXFileReference; lastKnownFileType = sourcecode.swift; path = dalAlert.swift; sourceTree = "<group>"; };
		1461F23C207B08660061DE1C /* dalAlert-extentions.swift */ = {isa = PBXFileReference; lastKnownFileType = sourcecode.swift; path = "dalAlert-extentions.swift"; sourceTree = "<group>"; };
		1461F25C207BC7EB0061DE1C /* skillModel.swift */ = {isa = PBXFileReference; lastKnownFileType = sourcecode.swift; path = skillModel.swift; sourceTree = "<group>"; };
		1466A91E208791BC00C3B355 /* Pods_Dal.framework */ = {isa = PBXFileReference; explicitFileType = wrapper.framework; path = Pods_Dal.framework; sourceTree = BUILT_PRODUCTS_DIR; };
		1466A92020883F4900C3B355 /* settingsVC.swift */ = {isa = PBXFileReference; lastKnownFileType = sourcecode.swift; path = settingsVC.swift; sourceTree = "<group>"; };
		1466A92220885FFF00C3B355 /* button.swift */ = {isa = PBXFileReference; lastKnownFileType = sourcecode.swift; path = button.swift; sourceTree = "<group>"; };
		147E96052086788F0015BD73 /* locator.swift */ = {isa = PBXFileReference; lastKnownFileType = sourcecode.swift; path = locator.swift; sourceTree = "<group>"; };
		147E9607208686FE0015BD73 /* locationModel.swift */ = {isa = PBXFileReference; lastKnownFileType = sourcecode.swift; path = locationModel.swift; sourceTree = "<group>"; };
		14AF8846207E63030055411E /* addworkerVC.swift */ = {isa = PBXFileReference; lastKnownFileType = sourcecode.swift; path = addworkerVC.swift; sourceTree = "<group>"; };
		14AF8848207E9DB90055411E /* googleMapVC.swift */ = {isa = PBXFileReference; lastKnownFileType = sourcecode.swift; path = googleMapVC.swift; sourceTree = "<group>"; };
		14AF884E207EC9000055411E /* dalSelectionDataSource.swift */ = {isa = PBXFileReference; lastKnownFileType = sourcecode.swift; path = dalSelectionDataSource.swift; sourceTree = "<group>"; };
		14AF8850207EC9B20055411E /* dalSelection.swift */ = {isa = PBXFileReference; lastKnownFileType = sourcecode.swift; path = dalSelection.swift; sourceTree = "<group>"; };
		14AF8852207EEC1F0055411E /* dalSelectionCell.xib */ = {isa = PBXFileReference; lastKnownFileType = file.xib; path = dalSelectionCell.xib; sourceTree = "<group>"; };
		14AF8854207EED440055411E /* dalSelectionCell.swift */ = {isa = PBXFileReference; lastKnownFileType = sourcecode.swift; path = dalSelectionCell.swift; sourceTree = "<group>"; };
		5D341FB4FC8102FC196A6308 /* Pods-Dal.debug.xcconfig */ = {isa = PBXFileReference; includeInIndex = 1; lastKnownFileType = text.xcconfig; name = "Pods-Dal.debug.xcconfig"; path = "Pods/Target Support Files/Pods-Dal/Pods-Dal.debug.xcconfig"; sourceTree = "<group>"; };
		9071B0A2410047146531199D /* Pods-Dal.release.xcconfig */ = {isa = PBXFileReference; includeInIndex = 1; lastKnownFileType = text.xcconfig; name = "Pods-Dal.release.xcconfig"; path = "Pods/Target Support Files/Pods-Dal/Pods-Dal.release.xcconfig"; sourceTree = "<group>"; };
/* End PBXFileReference section */

/* Begin PBXFrameworksBuildPhase section */
		144A94D82073D6330024B912 /* Frameworks */ = {
			isa = PBXFrameworksBuildPhase;
			buildActionMask = 2147483647;
			files = (
				1466A91F208791BC00C3B355 /* Pods_Dal.framework in Frameworks */,
			);
			runOnlyForDeploymentPostprocessing = 0;
		};
/* End PBXFrameworksBuildPhase section */

/* Begin PBXGroup section */
		144A94D22073D6330024B912 = {
			isa = PBXGroup;
			children = (
				144A94DD2073D6330024B912 /* Dal */,
				144A94DC2073D6330024B912 /* Products */,
				D836EA6FDC096046738B2860 /* Pods */,
				65D08E134555116ABD21822E /* Frameworks */,
			);
			sourceTree = "<group>";
		};
		144A94DC2073D6330024B912 /* Products */ = {
			isa = PBXGroup;
			children = (
				144A94DB2073D6330024B912 /* Dal.app */,
			);
			name = Products;
			sourceTree = "<group>";
		};
		144A94DD2073D6330024B912 /* Dal */ = {
			isa = PBXGroup;
			children = (
				144E80A1207509690049FEB3 /* GoogleService-Info.plist */,
				144A94F12073D88E0024B912 /* dataModel */,
				144A94F02073D8810024B912 /* helper */,
				144A94F22073D89C0024B912 /* controllers */,
				144A94DE2073D6330024B912 /* AppDelegate.swift */,
				144A94E22073D6330024B912 /* Main.storyboard */,
				144A94E52073D6340024B912 /* Assets.xcassets */,
				144A94E72073D6340024B912 /* LaunchScreen.storyboard */,
				144A94EA2073D6340024B912 /* Info.plist */,
			);
			path = Dal;
			sourceTree = "<group>";
		};
		144A94F02073D8810024B912 /* helper */ = {
			isa = PBXGroup;
			children = (
				14AF884D207EC8CF0055411E /* dalSelectin */,
				1461F239207B06260061DE1C /* dalAlert */,
				144E80D02075AB120049FEB3 /* protocals */,
				144A9504207416810024B912 /* cells */,
				144A94FA2073DC440024B912 /* extenssions */,
				144A94F82073DBDC0024B912 /* SectionData.swift */,
				144A94F32073DB370024B912 /* PageMenu */,
				1461F2332079872A0061DE1C /* dalBaseView.swift */,
				147E96052086788F0015BD73 /* locator.swift */,
			);
			path = helper;
			sourceTree = "<group>";
		};
		144A94F12073D88E0024B912 /* dataModel */ = {
			isa = PBXGroup;
			children = (
				144E80C82075612D0049FEB3 /* sectionModel.swift */,
				144E80CA207561690049FEB3 /* workerModel.swift */,
				1461F25C207BC7EB0061DE1C /* skillModel.swift */,
				147E9607208686FE0015BD73 /* locationModel.swift */,
			);
			path = dataModel;
			sourceTree = "<group>";
		};
		144A94F22073D89C0024B912 /* controllers */ = {
			isa = PBXGroup;
			children = (
				14AF884A207EB96F0055411E /* addWorkerVC */,
				144A94E02073D6330024B912 /* HomeVC.swift */,
				144A95022074167A0024B912 /* WorkerCollectionVC.swift */,
				1461F235207995F90061DE1C /* workerDetailsVC.swift */,
				1461F2372079B28D0061DE1C /* baseViewController.swift */,
				14AF8848207E9DB90055411E /* googleMapVC.swift */,
				1466A92020883F4900C3B355 /* settingsVC.swift */,
			);
			path = controllers;
			sourceTree = "<group>";
		};
		144A94F32073DB370024B912 /* PageMenu */ = {
			isa = PBXGroup;
			children = (
				1461F2232078929D0061DE1C /* CAPSPageMenu.swift */,
				1461F2242078929E0061DE1C /* CAPSPageMenu+Options.swift */,
				1461F2262078929E0061DE1C /* CAPSPageMenu+UIConfiguration.swift */,
				1461F2272078929F0061DE1C /* CAPSPageMenu+UIGestureRecognizerDelegate.swift */,
				1461F2292078929F0061DE1C /* CAPSPageMenu+UIScrollViewDelegate.swift */,
				1461F2282078929F0061DE1C /* CAPSPageMenuConfiguration.swift */,
				1461F2252078929E0061DE1C /* MenuItemView.swift */,
				1461F231207896BF0061DE1C /* PageMenuDataModel.swift */,
			);
			path = PageMenu;
			sourceTree = "<group>";
		};
		144A94FA2073DC440024B912 /* extenssions */ = {
			isa = PBXGroup;
			children = (
				144A94FB2073DC6A0024B912 /* color.swift */,
				144A94FD2073DFA00024B912 /* UIViewController.swift */,
				144E80CC20757AEC0049FEB3 /* String.swift */,
				1461F21B207852D40061DE1C /* image.swift */,
				1461F21D207861450061DE1C /* view.swift */,
				1466A92220885FFF00C3B355 /* button.swift */,
			);
			path = extenssions;
			sourceTree = "<group>";
		};
		144A9504207416810024B912 /* cells */ = {
			isa = PBXGroup;
			children = (
				144A950520741DA00024B912 /* SectionPagingCell.swift */,
				143564212077026300AEE097 /* workerCell.swift */,
				143564222077026300AEE097 /* workerCell.xib */,
			);
			path = cells;
			sourceTree = "<group>";
		};
		144E80D02075AB120049FEB3 /* protocals */ = {
			isa = PBXGroup;
			children = (
				144E80CE207580FE0049FEB3 /* dataFeederProtocol.swift */,
			);
			path = protocals;
			sourceTree = "<group>";
		};
		1461F239207B06260061DE1C /* dalAlert */ = {
			isa = PBXGroup;
			children = (
				1461F23A207B06420061DE1C /* dalAlert.swift */,
				1461F23C207B08660061DE1C /* dalAlert-extentions.swift */,
			);
			path = dalAlert;
			sourceTree = "<group>";
		};
		14AF884A207EB96F0055411E /* addWorkerVC */ = {
			isa = PBXGroup;
			children = (
				14AF8846207E63030055411E /* addworkerVC.swift */,
			);
			path = addWorkerVC;
			sourceTree = "<group>";
		};
		14AF884D207EC8CF0055411E /* dalSelectin */ = {
			isa = PBXGroup;
			children = (
				14AF884E207EC9000055411E /* dalSelectionDataSource.swift */,
				14AF8850207EC9B20055411E /* dalSelection.swift */,
				14AF8852207EEC1F0055411E /* dalSelectionCell.xib */,
				14AF8854207EED440055411E /* dalSelectionCell.swift */,
			);
			path = dalSelectin;
			sourceTree = "<group>";
		};
		65D08E134555116ABD21822E /* Frameworks */ = {
			isa = PBXGroup;
			children = (
				1466A91E208791BC00C3B355 /* Pods_Dal.framework */,
			);
			name = Frameworks;
			sourceTree = "<group>";
		};
		D836EA6FDC096046738B2860 /* Pods */ = {
			isa = PBXGroup;
			children = (
				5D341FB4FC8102FC196A6308 /* Pods-Dal.debug.xcconfig */,
				9071B0A2410047146531199D /* Pods-Dal.release.xcconfig */,
			);
			name = Pods;
			sourceTree = "<group>";
		};
/* End PBXGroup section */

/* Begin PBXNativeTarget section */
		144A94DA2073D6330024B912 /* Dal */ = {
			isa = PBXNativeTarget;
			buildConfigurationList = 144A94ED2073D6340024B912 /* Build configuration list for PBXNativeTarget "Dal" */;
			buildPhases = (
				BC84ABD041B5187292B249C9 /* [CP] Check Pods Manifest.lock */,
				144A94D72073D6330024B912 /* Sources */,
				144A94D82073D6330024B912 /* Frameworks */,
				144A94D92073D6330024B912 /* Resources */,
				28EADE3F7858C480EBB30678 /* [CP] Embed Pods Frameworks */,
				D5422D17C9F8112F1D770691 /* [CP] Copy Pods Resources */,
			);
			buildRules = (
			);
			dependencies = (
			);
			name = Dal;
			productName = Dal;
			productReference = 144A94DB2073D6330024B912 /* Dal.app */;
			productType = "com.apple.product-type.application";
		};
/* End PBXNativeTarget section */

/* Begin PBXProject section */
		144A94D32073D6330024B912 /* Project object */ = {
			isa = PBXProject;
			attributes = {
				LastSwiftUpdateCheck = 0930;
				LastUpgradeCheck = 0930;
				ORGANIZATIONNAME = "khalid almalki";
				TargetAttributes = {
					144A94DA2073D6330024B912 = {
						CreatedOnToolsVersion = 9.3;
					};
				};
			};
			buildConfigurationList = 144A94D62073D6330024B912 /* Build configuration list for PBXProject "Dal" */;
			compatibilityVersion = "Xcode 9.3";
			developmentRegion = en;
			hasScannedForEncodings = 0;
			knownRegions = (
				en,
				Base,
			);
			mainGroup = 144A94D22073D6330024B912;
			productRefGroup = 144A94DC2073D6330024B912 /* Products */;
			projectDirPath = "";
			projectRoot = "";
			targets = (
				144A94DA2073D6330024B912 /* Dal */,
			);
		};
/* End PBXProject section */

/* Begin PBXResourcesBuildPhase section */
		144A94D92073D6330024B912 /* Resources */ = {
			isa = PBXResourcesBuildPhase;
			buildActionMask = 2147483647;
			files = (
				14AF8853207EEC1F0055411E /* dalSelectionCell.xib in Resources */,
				144A94E92073D6340024B912 /* LaunchScreen.storyboard in Resources */,
				144E80A22075096A0049FEB3 /* GoogleService-Info.plist in Resources */,
				143564242077026300AEE097 /* workerCell.xib in Resources */,
				144A94E62073D6340024B912 /* Assets.xcassets in Resources */,
				144A94E42073D6330024B912 /* Main.storyboard in Resources */,
			);
			runOnlyForDeploymentPostprocessing = 0;
		};
/* End PBXResourcesBuildPhase section */

/* Begin PBXShellScriptBuildPhase section */
		28EADE3F7858C480EBB30678 /* [CP] Embed Pods Frameworks */ = {
			isa = PBXShellScriptBuildPhase;
			buildActionMask = 2147483647;
			files = (
			);
			inputPaths = (
				"${SRCROOT}/Pods/Target Support Files/Pods-Dal/Pods-Dal-frameworks.sh",
				"${BUILT_PRODUCTS_DIR}/Alamofire/Alamofire.framework",
				"${BUILT_PRODUCTS_DIR}/GTMSessionFetcher/GTMSessionFetcher.framework",
				"${BUILT_PRODUCTS_DIR}/GoogleToolboxForMac/GoogleToolboxForMac.framework",
				"${BUILT_PRODUCTS_DIR}/Kingfisher/Kingfisher.framework",
				"${BUILT_PRODUCTS_DIR}/leveldb-library/leveldb.framework",
				"${BUILT_PRODUCTS_DIR}/nanopb/nanopb.framework",
			);
			name = "[CP] Embed Pods Frameworks";
			outputPaths = (
				"${TARGET_BUILD_DIR}/${FRAMEWORKS_FOLDER_PATH}/Alamofire.framework",
				"${TARGET_BUILD_DIR}/${FRAMEWORKS_FOLDER_PATH}/GTMSessionFetcher.framework",
				"${TARGET_BUILD_DIR}/${FRAMEWORKS_FOLDER_PATH}/GoogleToolboxForMac.framework",
				"${TARGET_BUILD_DIR}/${FRAMEWORKS_FOLDER_PATH}/Kingfisher.framework",
				"${TARGET_BUILD_DIR}/${FRAMEWORKS_FOLDER_PATH}/leveldb.framework",
				"${TARGET_BUILD_DIR}/${FRAMEWORKS_FOLDER_PATH}/nanopb.framework",
			);
			runOnlyForDeploymentPostprocessing = 0;
			shellPath = /bin/sh;
			shellScript = "\"${SRCROOT}/Pods/Target Support Files/Pods-Dal/Pods-Dal-frameworks.sh\"\n";
			showEnvVarsInLog = 0;
		};
		BC84ABD041B5187292B249C9 /* [CP] Check Pods Manifest.lock */ = {
			isa = PBXShellScriptBuildPhase;
			buildActionMask = 2147483647;
			files = (
			);
			inputPaths = (
				"${PODS_PODFILE_DIR_PATH}/Podfile.lock",
				"${PODS_ROOT}/Manifest.lock",
			);
			name = "[CP] Check Pods Manifest.lock";
			outputPaths = (
				"$(DERIVED_FILE_DIR)/Pods-Dal-checkManifestLockResult.txt",
			);
			runOnlyForDeploymentPostprocessing = 0;
			shellPath = /bin/sh;
			shellScript = "diff \"${PODS_PODFILE_DIR_PATH}/Podfile.lock\" \"${PODS_ROOT}/Manifest.lock\" > /dev/null\nif [ $? != 0 ] ; then\n    # print error to STDERR\n    echo \"error: The sandbox is not in sync with the Podfile.lock. Run 'pod install' or update your CocoaPods installation.\" >&2\n    exit 1\nfi\n# This output is used by Xcode 'outputs' to avoid re-running this script phase.\necho \"SUCCESS\" > \"${SCRIPT_OUTPUT_FILE_0}\"\n";
			showEnvVarsInLog = 0;
		};
		D5422D17C9F8112F1D770691 /* [CP] Copy Pods Resources */ = {
			isa = PBXShellScriptBuildPhase;
			buildActionMask = 2147483647;
			files = (
			);
			inputPaths = (
				"${SRCROOT}/Pods/Target Support Files/Pods-Dal/Pods-Dal-resources.sh",
				"${PODS_ROOT}/GoogleMaps/Maps/Frameworks/GoogleMaps.framework/Resources/GoogleMaps.bundle",
			);
			name = "[CP] Copy Pods Resources";
			outputPaths = (
				"${TARGET_BUILD_DIR}/${UNLOCALIZED_RESOURCES_FOLDER_PATH}/GoogleMaps.bundle",
			);
			runOnlyForDeploymentPostprocessing = 0;
			shellPath = /bin/sh;
			shellScript = "\"${SRCROOT}/Pods/Target Support Files/Pods-Dal/Pods-Dal-resources.sh\"\n";
			showEnvVarsInLog = 0;
		};
/* End PBXShellScriptBuildPhase section */

/* Begin PBXSourcesBuildPhase section */
		144A94D72073D6330024B912 /* Sources */ = {
			isa = PBXSourcesBuildPhase;
			buildActionMask = 2147483647;
			files = (
				144A94FE2073DFA00024B912 /* UIViewController.swift in Sources */,
				1461F21E207861450061DE1C /* view.swift in Sources */,
				144E80CD20757AED0049FEB3 /* String.swift in Sources */,
				143564232077026300AEE097 /* workerCell.swift in Sources */,
				1461F2382079B28D0061DE1C /* baseViewController.swift in Sources */,
				144E80CB207561690049FEB3 /* workerModel.swift in Sources */,
				1461F232207896BF0061DE1C /* PageMenuDataModel.swift in Sources */,
				147E96062086788F0015BD73 /* locator.swift in Sources */,
				1461F22A2078929F0061DE1C /* CAPSPageMenu.swift in Sources */,
				144A950620741DA00024B912 /* SectionPagingCell.swift in Sources */,
				14AF884F207EC9000055411E /* dalSelectionDataSource.swift in Sources */,
				1461F25D207BC7EB0061DE1C /* skillModel.swift in Sources */,
				1461F236207995F90061DE1C /* workerDetailsVC.swift in Sources */,
				1461F23B207B06420061DE1C /* dalAlert.swift in Sources */,
				1461F22F2078929F0061DE1C /* CAPSPageMenuConfiguration.swift in Sources */,
				14AF8849207E9DB90055411E /* googleMapVC.swift in Sources */,
				1461F22B2078929F0061DE1C /* CAPSPageMenu+Options.swift in Sources */,
				1461F22E2078929F0061DE1C /* CAPSPageMenu+UIGestureRecognizerDelegate.swift in Sources */,
				1461F23D207B08660061DE1C /* dalAlert-extentions.swift in Sources */,
				147E9608208686FE0015BD73 /* locationModel.swift in Sources */,
				144A94E12073D6330024B912 /* HomeVC.swift in Sources */,
				1466A92120883F4900C3B355 /* settingsVC.swift in Sources */,
				1461F22D2078929F0061DE1C /* CAPSPageMenu+UIConfiguration.swift in Sources */,
				14AF8855207EED440055411E /* dalSelectionCell.swift in Sources */,
				144E80CF207580FE0049FEB3 /* dataFeederProtocol.swift in Sources */,
				1461F21C207852D40061DE1C /* image.swift in Sources */,
				144A94F92073DBDC0024B912 /* SectionData.swift in Sources */,
				144A94FC2073DC6A0024B912 /* color.swift in Sources */,
				1461F2302078929F0061DE1C /* CAPSPageMenu+UIScrollViewDelegate.swift in Sources */,
				1461F2342079872A0061DE1C /* dalBaseView.swift in Sources */,
				144A95032074167A0024B912 /* WorkerCollectionVC.swift in Sources */,
				144E80C92075612D0049FEB3 /* sectionModel.swift in Sources */,
				14AF8851207EC9B20055411E /* dalSelection.swift in Sources */,
				1461F22C2078929F0061DE1C /* MenuItemView.swift in Sources */,
				14AF8847207E63030055411E /* addworkerVC.swift in Sources */,
				1466A92320885FFF00C3B355 /* button.swift in Sources */,
				144A94DF2073D6330024B912 /* AppDelegate.swift in Sources */,
			);
			runOnlyForDeploymentPostprocessing = 0;
		};
/* End PBXSourcesBuildPhase section */

/* Begin PBXVariantGroup section */
		144A94E22073D6330024B912 /* Main.storyboard */ = {
			isa = PBXVariantGroup;
			children = (
				144A94E32073D6330024B912 /* Base */,
			);
			name = Main.storyboard;
			sourceTree = "<group>";
		};
		144A94E72073D6340024B912 /* LaunchScreen.storyboard */ = {
			isa = PBXVariantGroup;
			children = (
				144A94E82073D6340024B912 /* Base */,
			);
			name = LaunchScreen.storyboard;
			sourceTree = "<group>";
		};
/* End PBXVariantGroup section */

/* Begin XCBuildConfiguration section */
		144A94EB2073D6340024B912 /* Debug */ = {
			isa = XCBuildConfiguration;
			buildSettings = {
				ALWAYS_SEARCH_USER_PATHS = NO;
				CLANG_ANALYZER_NONNULL = YES;
				CLANG_ANALYZER_NUMBER_OBJECT_CONVERSION = YES_AGGRESSIVE;
				CLANG_CXX_LANGUAGE_STANDARD = "gnu++14";
				CLANG_CXX_LIBRARY = "libc++";
				CLANG_ENABLE_MODULES = YES;
				CLANG_ENABLE_OBJC_ARC = YES;
				CLANG_ENABLE_OBJC_WEAK = YES;
				CLANG_WARN_BLOCK_CAPTURE_AUTORELEASING = YES;
				CLANG_WARN_BOOL_CONVERSION = YES;
				CLANG_WARN_COMMA = YES;
				CLANG_WARN_CONSTANT_CONVERSION = YES;
				CLANG_WARN_DEPRECATED_OBJC_IMPLEMENTATIONS = YES;
				CLANG_WARN_DIRECT_OBJC_ISA_USAGE = YES_ERROR;
				CLANG_WARN_DOCUMENTATION_COMMENTS = YES;
				CLANG_WARN_EMPTY_BODY = YES;
				CLANG_WARN_ENUM_CONVERSION = YES;
				CLANG_WARN_INFINITE_RECURSION = YES;
				CLANG_WARN_INT_CONVERSION = YES;
				CLANG_WARN_NON_LITERAL_NULL_CONVERSION = YES;
				CLANG_WARN_OBJC_IMPLICIT_RETAIN_SELF = YES;
				CLANG_WARN_OBJC_LITERAL_CONVERSION = YES;
				CLANG_WARN_OBJC_ROOT_CLASS = YES_ERROR;
				CLANG_WARN_RANGE_LOOP_ANALYSIS = YES;
				CLANG_WARN_STRICT_PROTOTYPES = YES;
				CLANG_WARN_SUSPICIOUS_MOVE = YES;
				CLANG_WARN_UNGUARDED_AVAILABILITY = YES_AGGRESSIVE;
				CLANG_WARN_UNREACHABLE_CODE = YES;
				CLANG_WARN__DUPLICATE_METHOD_MATCH = YES;
				CODE_SIGN_IDENTITY = "iPhone Developer";
				COPY_PHASE_STRIP = NO;
				DEBUG_INFORMATION_FORMAT = dwarf;
				ENABLE_STRICT_OBJC_MSGSEND = YES;
				ENABLE_TESTABILITY = YES;
				GCC_C_LANGUAGE_STANDARD = gnu11;
				GCC_DYNAMIC_NO_PIC = NO;
				GCC_NO_COMMON_BLOCKS = YES;
				GCC_OPTIMIZATION_LEVEL = 0;
				GCC_PREPROCESSOR_DEFINITIONS = (
					"DEBUG=1",
					"$(inherited)",
				);
				GCC_WARN_64_TO_32_BIT_CONVERSION = YES;
				GCC_WARN_ABOUT_RETURN_TYPE = YES_ERROR;
				GCC_WARN_UNDECLARED_SELECTOR = YES;
				GCC_WARN_UNINITIALIZED_AUTOS = YES_AGGRESSIVE;
				GCC_WARN_UNUSED_FUNCTION = YES;
				GCC_WARN_UNUSED_VARIABLE = YES;
				IPHONEOS_DEPLOYMENT_TARGET = 11.3;
				MTL_ENABLE_DEBUG_INFO = YES;
				ONLY_ACTIVE_ARCH = YES;
				SDKROOT = iphoneos;
				SWIFT_ACTIVE_COMPILATION_CONDITIONS = DEBUG;
				SWIFT_OPTIMIZATION_LEVEL = "-Onone";
			};
			name = Debug;
		};
		144A94EC2073D6340024B912 /* Release */ = {
			isa = XCBuildConfiguration;
			buildSettings = {
				ALWAYS_SEARCH_USER_PATHS = NO;
				CLANG_ANALYZER_NONNULL = YES;
				CLANG_ANALYZER_NUMBER_OBJECT_CONVERSION = YES_AGGRESSIVE;
				CLANG_CXX_LANGUAGE_STANDARD = "gnu++14";
				CLANG_CXX_LIBRARY = "libc++";
				CLANG_ENABLE_MODULES = YES;
				CLANG_ENABLE_OBJC_ARC = YES;
				CLANG_ENABLE_OBJC_WEAK = YES;
				CLANG_WARN_BLOCK_CAPTURE_AUTORELEASING = YES;
				CLANG_WARN_BOOL_CONVERSION = YES;
				CLANG_WARN_COMMA = YES;
				CLANG_WARN_CONSTANT_CONVERSION = YES;
				CLANG_WARN_DEPRECATED_OBJC_IMPLEMENTATIONS = YES;
				CLANG_WARN_DIRECT_OBJC_ISA_USAGE = YES_ERROR;
				CLANG_WARN_DOCUMENTATION_COMMENTS = YES;
				CLANG_WARN_EMPTY_BODY = YES;
				CLANG_WARN_ENUM_CONVERSION = YES;
				CLANG_WARN_INFINITE_RECURSION = YES;
				CLANG_WARN_INT_CONVERSION = YES;
				CLANG_WARN_NON_LITERAL_NULL_CONVERSION = YES;
				CLANG_WARN_OBJC_IMPLICIT_RETAIN_SELF = YES;
				CLANG_WARN_OBJC_LITERAL_CONVERSION = YES;
				CLANG_WARN_OBJC_ROOT_CLASS = YES_ERROR;
				CLANG_WARN_RANGE_LOOP_ANALYSIS = YES;
				CLANG_WARN_STRICT_PROTOTYPES = YES;
				CLANG_WARN_SUSPICIOUS_MOVE = YES;
				CLANG_WARN_UNGUARDED_AVAILABILITY = YES_AGGRESSIVE;
				CLANG_WARN_UNREACHABLE_CODE = YES;
				CLANG_WARN__DUPLICATE_METHOD_MATCH = YES;
				CODE_SIGN_IDENTITY = "iPhone Developer";
				COPY_PHASE_STRIP = NO;
				DEBUG_INFORMATION_FORMAT = "dwarf-with-dsym";
				ENABLE_NS_ASSERTIONS = NO;
				ENABLE_STRICT_OBJC_MSGSEND = YES;
				GCC_C_LANGUAGE_STANDARD = gnu11;
				GCC_NO_COMMON_BLOCKS = YES;
				GCC_WARN_64_TO_32_BIT_CONVERSION = YES;
				GCC_WARN_ABOUT_RETURN_TYPE = YES_ERROR;
				GCC_WARN_UNDECLARED_SELECTOR = YES;
				GCC_WARN_UNINITIALIZED_AUTOS = YES_AGGRESSIVE;
				GCC_WARN_UNUSED_FUNCTION = YES;
				GCC_WARN_UNUSED_VARIABLE = YES;
				IPHONEOS_DEPLOYMENT_TARGET = 11.3;
				MTL_ENABLE_DEBUG_INFO = NO;
				SDKROOT = iphoneos;
				SWIFT_COMPILATION_MODE = wholemodule;
				SWIFT_OPTIMIZATION_LEVEL = "-O";
				VALIDATE_PRODUCT = YES;
			};
			name = Release;
		};
		144A94EE2073D6340024B912 /* Debug */ = {
			isa = XCBuildConfiguration;
			baseConfigurationReference = 5D341FB4FC8102FC196A6308 /* Pods-Dal.debug.xcconfig */;
			buildSettings = {
				ASSETCATALOG_COMPILER_APPICON_NAME = AppIcon;
				CODE_SIGN_STYLE = Automatic;
				DEVELOPMENT_TEAM = FT5TU5KEM8;
				FRAMEWORK_SEARCH_PATHS = "$(inherited)";
				INFOPLIST_FILE = Dal/Info.plist;
				LD_RUNPATH_SEARCH_PATHS = (
					"$(inherited)",
					"$(SRCROOT)",
				);
				PRODUCT_BUNDLE_IDENTIFIER = com.khaild.Dal;
				PRODUCT_NAME = "$(TARGET_NAME)";
				SWIFT_VERSION = 4.0;
				TARGETED_DEVICE_FAMILY = 1;
			};
			name = Debug;
		};
		144A94EF2073D6340024B912 /* Release */ = {
			isa = XCBuildConfiguration;
			baseConfigurationReference = 9071B0A2410047146531199D /* Pods-Dal.release.xcconfig */;
			buildSettings = {
				ASSETCATALOG_COMPILER_APPICON_NAME = AppIcon;
				CODE_SIGN_STYLE = Automatic;
				DEVELOPMENT_TEAM = FT5TU5KEM8;
				FRAMEWORK_SEARCH_PATHS = "$(inherited)";
				INFOPLIST_FILE = Dal/Info.plist;
				LD_RUNPATH_SEARCH_PATHS = (
					"$(inherited)",
					"$(SRCROOT)",
				);
				PRODUCT_BUNDLE_IDENTIFIER = com.khaild.Dal;
				PRODUCT_NAME = "$(TARGET_NAME)";
				SWIFT_VERSION = 4.0;
				TARGETED_DEVICE_FAMILY = 1;
			};
			name = Release;
		};
/* End XCBuildConfiguration section */

/* Begin XCConfigurationList section */
		144A94D62073D6330024B912 /* Build configuration list for PBXProject "Dal" */ = {
			isa = XCConfigurationList;
			buildConfigurations = (
				144A94EB2073D6340024B912 /* Debug */,
				144A94EC2073D6340024B912 /* Release */,
			);
			defaultConfigurationIsVisible = 0;
			defaultConfigurationName = Release;
		};
		144A94ED2073D6340024B912 /* Build configuration list for PBXNativeTarget "Dal" */ = {
			isa = XCConfigurationList;
			buildConfigurations = (
				144A94EE2073D6340024B912 /* Debug */,
				144A94EF2073D6340024B912 /* Release */,
			);
			defaultConfigurationIsVisible = 0;
			defaultConfigurationName = Release;
		};
/* End XCConfigurationList section */
	};
	rootObject = 144A94D32073D6330024B912 /* Project object */;
}
