// !$*UTF8*$!
{
	archiveVersion = 1;
	classes = {
	};
	objectVersion = 48;
	objects = {

/* Begin PBXBuildFile section */
		143564232077026300AEE097 /* workerCell.swift in Sources */ = {isa = PBXBuildFile; fileRef = 143564212077026300AEE097 /* workerCell.swift */; };
		143564242077026300AEE097 /* workerCell.xib in Resources */ = {isa = PBXBuildFile; fileRef = 143564222077026300AEE097 /* workerCell.xib */; };
		144A94DF2073D6330024B912 /* AppDelegate.swift in Sources */ = {isa = PBXBuildFile; fileRef = 144A94DE2073D6330024B912 /* AppDelegate.swift */; };
		144A94E12073D6330024B912 /* HomeVC.swift in Sources */ = {isa = PBXBuildFile; fileRef = 144A94E02073D6330024B912 /* HomeVC.swift */; };
		144A94E42073D6330024B912 /* Main.storyboard in Resources */ = {isa = PBXBuildFile; fileRef = 144A94E22073D6330024B912 /* Main.storyboard */; };
		144A94E62073D6340024B912 /* Assets.xcassets in Resources */ = {isa = PBXBuildFile; fileRef = 144A94E52073D6340024B912 /* Assets.xcassets */; };
		144A94E92073D6340024B912 /* LaunchScreen.storyboard in Resources */ = {isa = PBXBuildFile; fileRef = 144A94E72073D6340024B912 /* LaunchScreen.storyboard */; };
		144A94FC2073DC6A0024B912 /* color.swift in Sources */ = {isa = PBXBuildFile; fileRef = 144A94FB2073DC6A0024B912 /* color.swift */; };
		144A94FE2073DFA00024B912 /* UIViewController.swift in Sources */ = {isa = PBXBuildFile; fileRef = 144A94FD2073DFA00024B912 /* UIViewController.swift */; };
		144A95032074167A0024B912 /* WorkerCollectionVC.swift in Sources */ = {isa = PBXBuildFile; fileRef = 144A95022074167A0024B912 /* WorkerCollectionVC.swift */; };
		144E80A22075096A0049FEB3 /* GoogleService-Info.plist in Resources */ = {isa = PBXBuildFile; fileRef = 144E80A1207509690049FEB3 /* GoogleService-Info.plist */; };
		144E80C92075612D0049FEB3 /* sectionModel.swift in Sources */ = {isa = PBXBuildFile; fileRef = 144E80C82075612D0049FEB3 /* sectionModel.swift */; };
		144E80CB207561690049FEB3 /* workerModel.swift in Sources */ = {isa = PBXBuildFile; fileRef = 144E80CA207561690049FEB3 /* workerModel.swift */; };
		144E80CD20757AED0049FEB3 /* String.swift in Sources */ = {isa = PBXBuildFile; fileRef = 144E80CC20757AEC0049FEB3 /* String.swift */; };
		144E80CF207580FE0049FEB3 /* dataFeederProtocol.swift in Sources */ = {isa = PBXBuildFile; fileRef = 144E80CE207580FE0049FEB3 /* dataFeederProtocol.swift */; };
		1459766F2094479F00B0FB6A /* FirebaseInstanceID.framework in Frameworks */ = {isa = PBXBuildFile; fileRef = 145976682094479800B0FB6A /* FirebaseInstanceID.framework */; };
		145976702094479F00B0FB6A /* nanopb.framework in Frameworks */ = {isa = PBXBuildFile; fileRef = 145976692094479900B0FB6A /* nanopb.framework */; };
		145976712094479F00B0FB6A /* FirebaseAnalytics.framework in Frameworks */ = {isa = PBXBuildFile; fileRef = 1459766A2094479B00B0FB6A /* FirebaseAnalytics.framework */; };
		145976722094479F00B0FB6A /* FirebaseNanoPB.framework in Frameworks */ = {isa = PBXBuildFile; fileRef = 1459766B2094479C00B0FB6A /* FirebaseNanoPB.framework */; };
		145976732094479F00B0FB6A /* GoogleToolboxForMac.framework in Frameworks */ = {isa = PBXBuildFile; fileRef = 1459766C2094479D00B0FB6A /* GoogleToolboxForMac.framework */; };
		145976742094479F00B0FB6A /* FirebaseCore.framework in Frameworks */ = {isa = PBXBuildFile; fileRef = 1459766D2094479E00B0FB6A /* FirebaseCore.framework */; };
		145976752094479F00B0FB6A /* FirebaseCoreDiagnostics.framework in Frameworks */ = {isa = PBXBuildFile; fileRef = 1459766E2094479F00B0FB6A /* FirebaseCoreDiagnostics.framework */; };
		14597678209447A900B0FB6A /* leveldb-library.framework in Frameworks */ = {isa = PBXBuildFile; fileRef = 14597676209447A700B0FB6A /* leveldb-library.framework */; };
		14597679209447A900B0FB6A /* FirebaseDatabase.framework in Frameworks */ = {isa = PBXBuildFile; fileRef = 14597677209447A900B0FB6A /* FirebaseDatabase.framework */; };
		1459767E2094494700B0FB6A /* GoogleMapsBase.framework in Frameworks */ = {isa = PBXBuildFile; fileRef = 1459767B2094494200B0FB6A /* GoogleMapsBase.framework */; };
		1459767F2094494700B0FB6A /* GoogleMapsCore.framework in Frameworks */ = {isa = PBXBuildFile; fileRef = 1459767C2094494500B0FB6A /* GoogleMapsCore.framework */; };
		145976802094494700B0FB6A /* GoogleMaps.framework in Frameworks */ = {isa = PBXBuildFile; fileRef = 1459767D2094494700B0FB6A /* GoogleMaps.framework */; };
		145976822094495C00B0FB6A /* GoogleMaps.bundle in Resources */ = {isa = PBXBuildFile; fileRef = 145976812094495C00B0FB6A /* GoogleMaps.bundle */; };
		1459768520944AF800B0FB6A /* Accelerate.framework in Frameworks */ = {isa = PBXBuildFile; fileRef = 1459768420944AF800B0FB6A /* Accelerate.framework */; };
		1459768720944B0100B0FB6A /* CoreData.framework in Frameworks */ = {isa = PBXBuildFile; fileRef = 1459768620944B0100B0FB6A /* CoreData.framework */; };
		1459768920944B1100B0FB6A /* CoreGraphics.framework in Frameworks */ = {isa = PBXBuildFile; fileRef = 1459768820944B1100B0FB6A /* CoreGraphics.framework */; };
		1459768B20944B1B00B0FB6A /* CoreImage.framework in Frameworks */ = {isa = PBXBuildFile; fileRef = 1459768A20944B1B00B0FB6A /* CoreImage.framework */; };
		1459768D20944B2300B0FB6A /* CoreLocation.framework in Frameworks */ = {isa = PBXBuildFile; fileRef = 1459768C20944B2300B0FB6A /* CoreLocation.framework */; };
		1459768F20944B2D00B0FB6A /* CoreTelephony.framework in Frameworks */ = {isa = PBXBuildFile; fileRef = 1459768E20944B2D00B0FB6A /* CoreTelephony.framework */; };
		1459769120944B3700B0FB6A /* CoreText.framework in Frameworks */ = {isa = PBXBuildFile; fileRef = 1459769020944B3700B0FB6A /* CoreText.framework */; };
		1459769320944B4000B0FB6A /* GLKit.framework in Frameworks */ = {isa = PBXBuildFile; fileRef = 1459769220944B4000B0FB6A /* GLKit.framework */; };
		1459769520944B4900B0FB6A /* ImageIO.framework in Frameworks */ = {isa = PBXBuildFile; fileRef = 1459769420944B4900B0FB6A /* ImageIO.framework */; };
		1459769720944B5200B0FB6A /* libc++.tbd in Frameworks */ = {isa = PBXBuildFile; fileRef = 1459769620944B5100B0FB6A /* libc++.tbd */; };
		1459769920944B5B00B0FB6A /* libz.tbd in Frameworks */ = {isa = PBXBuildFile; fileRef = 1459769820944B5B00B0FB6A /* libz.tbd */; };
		1459769B20944B6400B0FB6A /* OpenGLES.framework in Frameworks */ = {isa = PBXBuildFile; fileRef = 1459769A20944B6400B0FB6A /* OpenGLES.framework */; };
		1459769D20944B6E00B0FB6A /* QuartzCore.framework in Frameworks */ = {isa = PBXBuildFile; fileRef = 1459769C20944B6D00B0FB6A /* QuartzCore.framework */; };
		1459769F20944B7700B0FB6A /* SystemConfiguration.framework in Frameworks */ = {isa = PBXBuildFile; fileRef = 1459769E20944B7700B0FB6A /* SystemConfiguration.framework */; };
		145976A120944B8100B0FB6A /* UIKit.framework in Frameworks */ = {isa = PBXBuildFile; fileRef = 145976A020944B8000B0FB6A /* UIKit.framework */; };
		145976A420944B9E00B0FB6A /* Cosmos.framework in Frameworks */ = {isa = PBXBuildFile; fileRef = 145976A220944B9E00B0FB6A /* Cosmos.framework */; };
		145976A520944B9E00B0FB6A /* Kingfisher.framework in Frameworks */ = {isa = PBXBuildFile; fileRef = 145976A320944B9E00B0FB6A /* Kingfisher.framework */; };
		145976A820944BE500B0FB6A /* FirebaseStorage.framework in Frameworks */ = {isa = PBXBuildFile; fileRef = 145976A620944BE300B0FB6A /* FirebaseStorage.framework */; };
		145976A920944BE500B0FB6A /* GTMSessionFetcher.framework in Frameworks */ = {isa = PBXBuildFile; fileRef = 145976A720944BE500B0FB6A /* GTMSessionFetcher.framework */; };
		145976AA20944C9400B0FB6A /* Cosmos.framework in Frameworks */ = {isa = PBXBuildFile; fileRef = 145976A220944B9E00B0FB6A /* Cosmos.framework */; };
		145976AB20944C9400B0FB6A /* Cosmos.framework in Embed Frameworks */ = {isa = PBXBuildFile; fileRef = 145976A220944B9E00B0FB6A /* Cosmos.framework */; settings = {ATTRIBUTES = (CodeSignOnCopy, RemoveHeadersOnCopy, ); }; };
		145976AD20944CAC00B0FB6A /* Kingfisher.framework in Frameworks */ = {isa = PBXBuildFile; fileRef = 145976A320944B9E00B0FB6A /* Kingfisher.framework */; };
		145976AE20944CAC00B0FB6A /* Kingfisher.framework in Embed Frameworks */ = {isa = PBXBuildFile; fileRef = 145976A320944B9E00B0FB6A /* Kingfisher.framework */; settings = {ATTRIBUTES = (CodeSignOnCopy, RemoveHeadersOnCopy, ); }; };
		1461F21C207852D40061DE1C /* image.swift in Sources */ = {isa = PBXBuildFile; fileRef = 1461F21B207852D40061DE1C /* image.swift */; };
		1461F21E207861450061DE1C /* view.swift in Sources */ = {isa = PBXBuildFile; fileRef = 1461F21D207861450061DE1C /* view.swift */; };
		1461F22A2078929F0061DE1C /* CAPSPageMenu.swift in Sources */ = {isa = PBXBuildFile; fileRef = 1461F2232078929D0061DE1C /* CAPSPageMenu.swift */; };
		1461F22B2078929F0061DE1C /* CAPSPageMenu+Options.swift in Sources */ = {isa = PBXBuildFile; fileRef = 1461F2242078929E0061DE1C /* CAPSPageMenu+Options.swift */; };
		1461F22C2078929F0061DE1C /* MenuItemView.swift in Sources */ = {isa = PBXBuildFile; fileRef = 1461F2252078929E0061DE1C /* MenuItemView.swift */; };
		1461F22D2078929F0061DE1C /* CAPSPageMenu+UIConfiguration.swift in Sources */ = {isa = PBXBuildFile; fileRef = 1461F2262078929E0061DE1C /* CAPSPageMenu+UIConfiguration.swift */; };
		1461F22E2078929F0061DE1C /* CAPSPageMenu+UIGestureRecognizerDelegate.swift in Sources */ = {isa = PBXBuildFile; fileRef = 1461F2272078929F0061DE1C /* CAPSPageMenu+UIGestureRecognizerDelegate.swift */; };
		1461F22F2078929F0061DE1C /* CAPSPageMenuConfiguration.swift in Sources */ = {isa = PBXBuildFile; fileRef = 1461F2282078929F0061DE1C /* CAPSPageMenuConfiguration.swift */; };
		1461F2302078929F0061DE1C /* CAPSPageMenu+UIScrollViewDelegate.swift in Sources */ = {isa = PBXBuildFile; fileRef = 1461F2292078929F0061DE1C /* CAPSPageMenu+UIScrollViewDelegate.swift */; };
		1461F232207896BF0061DE1C /* PageMenuDataModel.swift in Sources */ = {isa = PBXBuildFile; fileRef = 1461F231207896BF0061DE1C /* PageMenuDataModel.swift */; };
		1461F2342079872A0061DE1C /* dalBaseView.swift in Sources */ = {isa = PBXBuildFile; fileRef = 1461F2332079872A0061DE1C /* dalBaseView.swift */; };
		1461F236207995F90061DE1C /* workerDetailsVC.swift in Sources */ = {isa = PBXBuildFile; fileRef = 1461F235207995F90061DE1C /* workerDetailsVC.swift */; };
		1461F2382079B28D0061DE1C /* baseViewController.swift in Sources */ = {isa = PBXBuildFile; fileRef = 1461F2372079B28D0061DE1C /* baseViewController.swift */; };
		1461F23B207B06420061DE1C /* dalAlert.swift in Sources */ = {isa = PBXBuildFile; fileRef = 1461F23A207B06420061DE1C /* dalAlert.swift */; };
		1461F23D207B08660061DE1C /* dalAlert-extentions.swift in Sources */ = {isa = PBXBuildFile; fileRef = 1461F23C207B08660061DE1C /* dalAlert-extentions.swift */; };
		1461F25D207BC7EB0061DE1C /* skillModel.swift in Sources */ = {isa = PBXBuildFile; fileRef = 1461F25C207BC7EB0061DE1C /* skillModel.swift */; };
		1466A92120883F4900C3B355 /* settingsVC.swift in Sources */ = {isa = PBXBuildFile; fileRef = 1466A92020883F4900C3B355 /* settingsVC.swift */; };
		1466A92320885FFF00C3B355 /* button.swift in Sources */ = {isa = PBXBuildFile; fileRef = 1466A92220885FFF00C3B355 /* button.swift */; };
		14671900208EC33400D573CE /* userSessionManagement.swift in Sources */ = {isa = PBXBuildFile; fileRef = 146718FF208EC33400D573CE /* userSessionManagement.swift */; };
		14671902208FD6D600D573CE /* sectionsModel.swift in Sources */ = {isa = PBXBuildFile; fileRef = 14671901208FD6D600D573CE /* sectionsModel.swift */; };
		14671906208FD76100D573CE /* workersModel.swift in Sources */ = {isa = PBXBuildFile; fileRef = 14671905208FD76100D573CE /* workersModel.swift */; };
		1467190820901B5200D573CE /* ratingVC.swift in Sources */ = {isa = PBXBuildFile; fileRef = 1467190720901B5200D573CE /* ratingVC.swift */; };
		1467194920925A2300D573CE /* restAPI.swift in Sources */ = {isa = PBXBuildFile; fileRef = 1467194820925A2300D573CE /* restAPI.swift */; };
		147E96062086788F0015BD73 /* locator.swift in Sources */ = {isa = PBXBuildFile; fileRef = 147E96052086788F0015BD73 /* locator.swift */; };
		147E9608208686FE0015BD73 /* locationModel.swift in Sources */ = {isa = PBXBuildFile; fileRef = 147E9607208686FE0015BD73 /* locationModel.swift */; };
		14AF8847207E63030055411E /* addworkerVC.swift in Sources */ = {isa = PBXBuildFile; fileRef = 14AF8846207E63030055411E /* addworkerVC.swift */; };
		14AF8849207E9DB90055411E /* googleMapVC.swift in Sources */ = {isa = PBXBuildFile; fileRef = 14AF8848207E9DB90055411E /* googleMapVC.swift */; };
		14AF884F207EC9000055411E /* dalSelectionDataSource.swift in Sources */ = {isa = PBXBuildFile; fileRef = 14AF884E207EC9000055411E /* dalSelectionDataSource.swift */; };
		14AF8851207EC9B20055411E /* dalSelection.swift in Sources */ = {isa = PBXBuildFile; fileRef = 14AF8850207EC9B20055411E /* dalSelection.swift */; };
		14AF8853207EEC1F0055411E /* dalSelectionCell.xib in Resources */ = {isa = PBXBuildFile; fileRef = 14AF8852207EEC1F0055411E /* dalSelectionCell.xib */; };
		14AF8855207EED440055411E /* dalSelectionCell.swift in Sources */ = {isa = PBXBuildFile; fileRef = 14AF8854207EED440055411E /* dalSelectionCell.swift */; };
		14EB610E2093A7BD00D66196 /* KeyboardDismissingView.swift in Sources */ = {isa = PBXBuildFile; fileRef = 14EB610C2093A7BD00D66196 /* KeyboardDismissingView.swift */; };
		14EB610F2093A7BD00D66196 /* KeyboardAvoiding.swift in Sources */ = {isa = PBXBuildFile; fileRef = 14EB610D2093A7BD00D66196 /* KeyboardAvoiding.swift */; };
		97A610F020950921009AD7B4 /* dalEmptyStatus.swift in Sources */ = {isa = PBXBuildFile; fileRef = 97A610EF20950921009AD7B4 /* dalEmptyStatus.swift */; };
/* End PBXBuildFile section */

/* Begin PBXCopyFilesBuildPhase section */
		145976AC20944C9400B0FB6A /* Embed Frameworks */ = {
			isa = PBXCopyFilesBuildPhase;
			buildActionMask = 2147483647;
			dstPath = "";
			dstSubfolderSpec = 10;
			files = (
				145976AE20944CAC00B0FB6A /* Kingfisher.framework in Embed Frameworks */,
				145976AB20944C9400B0FB6A /* Cosmos.framework in Embed Frameworks */,
			);
			name = "Embed Frameworks";
			runOnlyForDeploymentPostprocessing = 0;
		};
/* End PBXCopyFilesBuildPhase section */

/* Begin PBXFileReference section */
		143564212077026300AEE097 /* workerCell.swift */ = {isa = PBXFileReference; lastKnownFileType = sourcecode.swift; path = workerCell.swift; sourceTree = "<group>"; };
		143564222077026300AEE097 /* workerCell.xib */ = {isa = PBXFileReference; lastKnownFileType = file.xib; path = workerCell.xib; sourceTree = "<group>"; };
		144A94DB2073D6330024B912 /* Dal.app */ = {isa = PBXFileReference; explicitFileType = wrapper.application; includeInIndex = 0; path = Dal.app; sourceTree = BUILT_PRODUCTS_DIR; };
		144A94DE2073D6330024B912 /* AppDelegate.swift */ = {isa = PBXFileReference; lastKnownFileType = sourcecode.swift; path = AppDelegate.swift; sourceTree = "<group>"; };
		144A94E02073D6330024B912 /* HomeVC.swift */ = {isa = PBXFileReference; lastKnownFileType = sourcecode.swift; path = HomeVC.swift; sourceTree = "<group>"; };
		144A94E32073D6330024B912 /* Base */ = {isa = PBXFileReference; lastKnownFileType = file.storyboard; name = Base; path = Base.lproj/Main.storyboard; sourceTree = "<group>"; };
		144A94E52073D6340024B912 /* Assets.xcassets */ = {isa = PBXFileReference; lastKnownFileType = folder.assetcatalog; path = Assets.xcassets; sourceTree = "<group>"; };
		144A94E82073D6340024B912 /* Base */ = {isa = PBXFileReference; lastKnownFileType = file.storyboard; name = Base; path = Base.lproj/LaunchScreen.storyboard; sourceTree = "<group>"; };
		144A94EA2073D6340024B912 /* Info.plist */ = {isa = PBXFileReference; lastKnownFileType = text.plist.xml; path = Info.plist; sourceTree = "<group>"; };
		144A94FB2073DC6A0024B912 /* color.swift */ = {isa = PBXFileReference; lastKnownFileType = sourcecode.swift; path = color.swift; sourceTree = "<group>"; };
		144A94FD2073DFA00024B912 /* UIViewController.swift */ = {isa = PBXFileReference; lastKnownFileType = sourcecode.swift; path = UIViewController.swift; sourceTree = "<group>"; };
		144A95022074167A0024B912 /* WorkerCollectionVC.swift */ = {isa = PBXFileReference; lastKnownFileType = sourcecode.swift; path = WorkerCollectionVC.swift; sourceTree = "<group>"; };
		144E80A1207509690049FEB3 /* GoogleService-Info.plist */ = {isa = PBXFileReference; fileEncoding = 4; lastKnownFileType = text.plist.xml; path = "GoogleService-Info.plist"; sourceTree = "<group>"; };
		144E80C82075612D0049FEB3 /* sectionModel.swift */ = {isa = PBXFileReference; lastKnownFileType = sourcecode.swift; path = sectionModel.swift; sourceTree = "<group>"; };
		144E80CA207561690049FEB3 /* workerModel.swift */ = {isa = PBXFileReference; lastKnownFileType = sourcecode.swift; path = workerModel.swift; sourceTree = "<group>"; };
		144E80CC20757AEC0049FEB3 /* String.swift */ = {isa = PBXFileReference; lastKnownFileType = sourcecode.swift; path = String.swift; sourceTree = "<group>"; };
		144E80CE207580FE0049FEB3 /* dataFeederProtocol.swift */ = {isa = PBXFileReference; lastKnownFileType = sourcecode.swift; path = dataFeederProtocol.swift; sourceTree = "<group>"; };
		145976642094473A00B0FB6A /* Dal-Bridging-Header.h */ = {isa = PBXFileReference; lastKnownFileType = sourcecode.c.h; path = "Dal-Bridging-Header.h"; sourceTree = "<group>"; };
		145976682094479800B0FB6A /* FirebaseInstanceID.framework */ = {isa = PBXFileReference; lastKnownFileType = wrapper.framework; path = FirebaseInstanceID.framework; sourceTree = "<group>"; };
		145976692094479900B0FB6A /* nanopb.framework */ = {isa = PBXFileReference; lastKnownFileType = wrapper.framework; path = nanopb.framework; sourceTree = "<group>"; };
		1459766A2094479B00B0FB6A /* FirebaseAnalytics.framework */ = {isa = PBXFileReference; lastKnownFileType = wrapper.framework; path = FirebaseAnalytics.framework; sourceTree = "<group>"; };
		1459766B2094479C00B0FB6A /* FirebaseNanoPB.framework */ = {isa = PBXFileReference; lastKnownFileType = wrapper.framework; path = FirebaseNanoPB.framework; sourceTree = "<group>"; };
		1459766C2094479D00B0FB6A /* GoogleToolboxForMac.framework */ = {isa = PBXFileReference; lastKnownFileType = wrapper.framework; path = GoogleToolboxForMac.framework; sourceTree = "<group>"; };
		1459766D2094479E00B0FB6A /* FirebaseCore.framework */ = {isa = PBXFileReference; lastKnownFileType = wrapper.framework; path = FirebaseCore.framework; sourceTree = "<group>"; };
		1459766E2094479F00B0FB6A /* FirebaseCoreDiagnostics.framework */ = {isa = PBXFileReference; lastKnownFileType = wrapper.framework; path = FirebaseCoreDiagnostics.framework; sourceTree = "<group>"; };
		14597676209447A700B0FB6A /* leveldb-library.framework */ = {isa = PBXFileReference; lastKnownFileType = wrapper.framework; path = "leveldb-library.framework"; sourceTree = "<group>"; };
		14597677209447A900B0FB6A /* FirebaseDatabase.framework */ = {isa = PBXFileReference; lastKnownFileType = wrapper.framework; path = FirebaseDatabase.framework; sourceTree = "<group>"; };
		1459767A209447B900B0FB6A /* Firebase.h */ = {isa = PBXFileReference; lastKnownFileType = sourcecode.c.h; path = Firebase.h; sourceTree = "<group>"; };
		1459767B2094494200B0FB6A /* GoogleMapsBase.framework */ = {isa = PBXFileReference; lastKnownFileType = wrapper.framework; path = GoogleMapsBase.framework; sourceTree = "<group>"; };
		1459767C2094494500B0FB6A /* GoogleMapsCore.framework */ = {isa = PBXFileReference; lastKnownFileType = wrapper.framework; path = GoogleMapsCore.framework; sourceTree = "<group>"; };
		1459767D2094494700B0FB6A /* GoogleMaps.framework */ = {isa = PBXFileReference; lastKnownFileType = wrapper.framework; path = GoogleMaps.framework; sourceTree = "<group>"; };
		145976812094495C00B0FB6A /* GoogleMaps.bundle */ = {isa = PBXFileReference; lastKnownFileType = "wrapper.plug-in"; name = GoogleMaps.bundle; path = GoogleMaps.framework/Resources/GoogleMaps.bundle; sourceTree = "<group>"; };
		1459768420944AF800B0FB6A /* Accelerate.framework */ = {isa = PBXFileReference; lastKnownFileType = wrapper.framework; name = Accelerate.framework; path = System/Library/Frameworks/Accelerate.framework; sourceTree = SDKROOT; };
		1459768620944B0100B0FB6A /* CoreData.framework */ = {isa = PBXFileReference; lastKnownFileType = wrapper.framework; name = CoreData.framework; path = System/Library/Frameworks/CoreData.framework; sourceTree = SDKROOT; };
		1459768820944B1100B0FB6A /* CoreGraphics.framework */ = {isa = PBXFileReference; lastKnownFileType = wrapper.framework; name = CoreGraphics.framework; path = System/Library/Frameworks/CoreGraphics.framework; sourceTree = SDKROOT; };
		1459768A20944B1B00B0FB6A /* CoreImage.framework */ = {isa = PBXFileReference; lastKnownFileType = wrapper.framework; name = CoreImage.framework; path = System/Library/Frameworks/CoreImage.framework; sourceTree = SDKROOT; };
		1459768C20944B2300B0FB6A /* CoreLocation.framework */ = {isa = PBXFileReference; lastKnownFileType = wrapper.framework; name = CoreLocation.framework; path = System/Library/Frameworks/CoreLocation.framework; sourceTree = SDKROOT; };
		1459768E20944B2D00B0FB6A /* CoreTelephony.framework */ = {isa = PBXFileReference; lastKnownFileType = wrapper.framework; name = CoreTelephony.framework; path = System/Library/Frameworks/CoreTelephony.framework; sourceTree = SDKROOT; };
		1459769020944B3700B0FB6A /* CoreText.framework */ = {isa = PBXFileReference; lastKnownFileType = wrapper.framework; name = CoreText.framework; path = System/Library/Frameworks/CoreText.framework; sourceTree = SDKROOT; };
		1459769220944B4000B0FB6A /* GLKit.framework */ = {isa = PBXFileReference; lastKnownFileType = wrapper.framework; name = GLKit.framework; path = System/Library/Frameworks/GLKit.framework; sourceTree = SDKROOT; };
		1459769420944B4900B0FB6A /* ImageIO.framework */ = {isa = PBXFileReference; lastKnownFileType = wrapper.framework; name = ImageIO.framework; path = System/Library/Frameworks/ImageIO.framework; sourceTree = SDKROOT; };
		1459769620944B5100B0FB6A /* libc++.tbd */ = {isa = PBXFileReference; lastKnownFileType = "sourcecode.text-based-dylib-definition"; name = "libc++.tbd"; path = "usr/lib/libc++.tbd"; sourceTree = SDKROOT; };
		1459769820944B5B00B0FB6A /* libz.tbd */ = {isa = PBXFileReference; lastKnownFileType = "sourcecode.text-based-dylib-definition"; name = libz.tbd; path = usr/lib/libz.tbd; sourceTree = SDKROOT; };
		1459769A20944B6400B0FB6A /* OpenGLES.framework */ = {isa = PBXFileReference; lastKnownFileType = wrapper.framework; name = OpenGLES.framework; path = System/Library/Frameworks/OpenGLES.framework; sourceTree = SDKROOT; };
		1459769C20944B6D00B0FB6A /* QuartzCore.framework */ = {isa = PBXFileReference; lastKnownFileType = wrapper.framework; name = QuartzCore.framework; path = System/Library/Frameworks/QuartzCore.framework; sourceTree = SDKROOT; };
		1459769E20944B7700B0FB6A /* SystemConfiguration.framework */ = {isa = PBXFileReference; lastKnownFileType = wrapper.framework; name = SystemConfiguration.framework; path = System/Library/Frameworks/SystemConfiguration.framework; sourceTree = SDKROOT; };
		145976A020944B8000B0FB6A /* UIKit.framework */ = {isa = PBXFileReference; lastKnownFileType = wrapper.framework; name = UIKit.framework; path = System/Library/Frameworks/UIKit.framework; sourceTree = SDKROOT; };
		145976A220944B9E00B0FB6A /* Cosmos.framework */ = {isa = PBXFileReference; lastKnownFileType = wrapper.framework; name = Cosmos.framework; path = Carthage/Build/iOS/Cosmos.framework; sourceTree = "<group>"; };
		145976A320944B9E00B0FB6A /* Kingfisher.framework */ = {isa = PBXFileReference; lastKnownFileType = wrapper.framework; name = Kingfisher.framework; path = Carthage/Build/iOS/Kingfisher.framework; sourceTree = "<group>"; };
		145976A620944BE300B0FB6A /* FirebaseStorage.framework */ = {isa = PBXFileReference; lastKnownFileType = wrapper.framework; path = FirebaseStorage.framework; sourceTree = "<group>"; };
		145976A720944BE500B0FB6A /* GTMSessionFetcher.framework */ = {isa = PBXFileReference; lastKnownFileType = wrapper.framework; path = GTMSessionFetcher.framework; sourceTree = "<group>"; };
		1461F21B207852D40061DE1C /* image.swift */ = {isa = PBXFileReference; lastKnownFileType = sourcecode.swift; path = image.swift; sourceTree = "<group>"; };
		1461F21D207861450061DE1C /* view.swift */ = {isa = PBXFileReference; lastKnownFileType = sourcecode.swift; path = view.swift; sourceTree = "<group>"; };
		1461F2232078929D0061DE1C /* CAPSPageMenu.swift */ = {isa = PBXFileReference; lastKnownFileType = sourcecode.swift; path = CAPSPageMenu.swift; sourceTree = "<group>"; };
		1461F2242078929E0061DE1C /* CAPSPageMenu+Options.swift */ = {isa = PBXFileReference; lastKnownFileType = sourcecode.swift; path = "CAPSPageMenu+Options.swift"; sourceTree = "<group>"; };
		1461F2252078929E0061DE1C /* MenuItemView.swift */ = {isa = PBXFileReference; lastKnownFileType = sourcecode.swift; path = MenuItemView.swift; sourceTree = "<group>"; };
		1461F2262078929E0061DE1C /* CAPSPageMenu+UIConfiguration.swift */ = {isa = PBXFileReference; lastKnownFileType = sourcecode.swift; path = "CAPSPageMenu+UIConfiguration.swift"; sourceTree = "<group>"; };
		1461F2272078929F0061DE1C /* CAPSPageMenu+UIGestureRecognizerDelegate.swift */ = {isa = PBXFileReference; lastKnownFileType = sourcecode.swift; path = "CAPSPageMenu+UIGestureRecognizerDelegate.swift"; sourceTree = "<group>"; };
		1461F2282078929F0061DE1C /* CAPSPageMenuConfiguration.swift */ = {isa = PBXFileReference; lastKnownFileType = sourcecode.swift; path = CAPSPageMenuConfiguration.swift; sourceTree = "<group>"; };
		1461F2292078929F0061DE1C /* CAPSPageMenu+UIScrollViewDelegate.swift */ = {isa = PBXFileReference; lastKnownFileType = sourcecode.swift; path = "CAPSPageMenu+UIScrollViewDelegate.swift"; sourceTree = "<group>"; };
		1461F231207896BF0061DE1C /* PageMenuDataModel.swift */ = {isa = PBXFileReference; lastKnownFileType = sourcecode.swift; path = PageMenuDataModel.swift; sourceTree = "<group>"; };
		1461F2332079872A0061DE1C /* dalBaseView.swift */ = {isa = PBXFileReference; lastKnownFileType = sourcecode.swift; path = dalBaseView.swift; sourceTree = "<group>"; };
		1461F235207995F90061DE1C /* workerDetailsVC.swift */ = {isa = PBXFileReference; lastKnownFileType = sourcecode.swift; path = workerDetailsVC.swift; sourceTree = "<group>"; };
		1461F2372079B28D0061DE1C /* baseViewController.swift */ = {isa = PBXFileReference; lastKnownFileType = sourcecode.swift; path = baseViewController.swift; sourceTree = "<group>"; };
		1461F23A207B06420061DE1C /* dalAlert.swift */ = {isa = PBXFileReference; lastKnownFileType = sourcecode.swift; path = dalAlert.swift; sourceTree = "<group>"; };
		1461F23C207B08660061DE1C /* dalAlert-extentions.swift */ = {isa = PBXFileReference; lastKnownFileType = sourcecode.swift; path = "dalAlert-extentions.swift"; sourceTree = "<group>"; };
		1461F25C207BC7EB0061DE1C /* skillModel.swift */ = {isa = PBXFileReference; lastKnownFileType = sourcecode.swift; path = skillModel.swift; sourceTree = "<group>"; };
		1466A92020883F4900C3B355 /* settingsVC.swift */ = {isa = PBXFileReference; lastKnownFileType = sourcecode.swift; path = settingsVC.swift; sourceTree = "<group>"; };
		1466A92220885FFF00C3B355 /* button.swift */ = {isa = PBXFileReference; lastKnownFileType = sourcecode.swift; path = button.swift; sourceTree = "<group>"; };
		146718FF208EC33400D573CE /* userSessionManagement.swift */ = {isa = PBXFileReference; lastKnownFileType = sourcecode.swift; path = userSessionManagement.swift; sourceTree = "<group>"; };
		14671901208FD6D600D573CE /* sectionsModel.swift */ = {isa = PBXFileReference; lastKnownFileType = sourcecode.swift; path = sectionsModel.swift; sourceTree = "<group>"; };
		14671905208FD76100D573CE /* workersModel.swift */ = {isa = PBXFileReference; lastKnownFileType = sourcecode.swift; path = workersModel.swift; sourceTree = "<group>"; };
		1467190720901B5200D573CE /* ratingVC.swift */ = {isa = PBXFileReference; lastKnownFileType = sourcecode.swift; path = ratingVC.swift; sourceTree = "<group>"; };
		1467194820925A2300D573CE /* restAPI.swift */ = {isa = PBXFileReference; lastKnownFileType = sourcecode.swift; path = restAPI.swift; sourceTree = "<group>"; };
		147E96052086788F0015BD73 /* locator.swift */ = {isa = PBXFileReference; lastKnownFileType = sourcecode.swift; path = locator.swift; sourceTree = "<group>"; };
		147E9607208686FE0015BD73 /* locationModel.swift */ = {isa = PBXFileReference; lastKnownFileType = sourcecode.swift; path = locationModel.swift; sourceTree = "<group>"; };
		14AF8846207E63030055411E /* addworkerVC.swift */ = {isa = PBXFileReference; lastKnownFileType = sourcecode.swift; path = addworkerVC.swift; sourceTree = "<group>"; };
		14AF8848207E9DB90055411E /* googleMapVC.swift */ = {isa = PBXFileReference; lastKnownFileType = sourcecode.swift; path = googleMapVC.swift; sourceTree = "<group>"; };
		14AF884E207EC9000055411E /* dalSelectionDataSource.swift */ = {isa = PBXFileReference; lastKnownFileType = sourcecode.swift; path = dalSelectionDataSource.swift; sourceTree = "<group>"; };
		14AF8850207EC9B20055411E /* dalSelection.swift */ = {isa = PBXFileReference; lastKnownFileType = sourcecode.swift; path = dalSelection.swift; sourceTree = "<group>"; };
		14AF8852207EEC1F0055411E /* dalSelectionCell.xib */ = {isa = PBXFileReference; lastKnownFileType = file.xib; path = dalSelectionCell.xib; sourceTree = "<group>"; };
		14AF8854207EED440055411E /* dalSelectionCell.swift */ = {isa = PBXFileReference; lastKnownFileType = sourcecode.swift; path = dalSelectionCell.swift; sourceTree = "<group>"; };
		14EB610C2093A7BD00D66196 /* KeyboardDismissingView.swift */ = {isa = PBXFileReference; fileEncoding = 4; lastKnownFileType = sourcecode.swift; path = KeyboardDismissingView.swift; sourceTree = "<group>"; };
		14EB610D2093A7BD00D66196 /* KeyboardAvoiding.swift */ = {isa = PBXFileReference; fileEncoding = 4; lastKnownFileType = sourcecode.swift; path = KeyboardAvoiding.swift; sourceTree = "<group>"; };
		97A610EF20950921009AD7B4 /* dalEmptyStatus.swift */ = {isa = PBXFileReference; lastKnownFileType = sourcecode.swift; path = dalEmptyStatus.swift; sourceTree = "<group>"; };
/* End PBXFileReference section */

/* Begin PBXFrameworksBuildPhase section */
		144A94D82073D6330024B912 /* Frameworks */ = {
			isa = PBXFrameworksBuildPhase;
			buildActionMask = 2147483647;
			files = (
				145976AA20944C9400B0FB6A /* Cosmos.framework in Frameworks */,
				145976A420944B9E00B0FB6A /* Cosmos.framework in Frameworks */,
				145976A920944BE500B0FB6A /* GTMSessionFetcher.framework in Frameworks */,
				145976A520944B9E00B0FB6A /* Kingfisher.framework in Frameworks */,
				145976A120944B8100B0FB6A /* UIKit.framework in Frameworks */,
				1459769F20944B7700B0FB6A /* SystemConfiguration.framework in Frameworks */,
				1459769D20944B6E00B0FB6A /* QuartzCore.framework in Frameworks */,
				1459769B20944B6400B0FB6A /* OpenGLES.framework in Frameworks */,
				1459769920944B5B00B0FB6A /* libz.tbd in Frameworks */,
				1459769720944B5200B0FB6A /* libc++.tbd in Frameworks */,
				1459769520944B4900B0FB6A /* ImageIO.framework in Frameworks */,
				1459769320944B4000B0FB6A /* GLKit.framework in Frameworks */,
				1459769120944B3700B0FB6A /* CoreText.framework in Frameworks */,
				1459768F20944B2D00B0FB6A /* CoreTelephony.framework in Frameworks */,
				1459768D20944B2300B0FB6A /* CoreLocation.framework in Frameworks */,
				1459768B20944B1B00B0FB6A /* CoreImage.framework in Frameworks */,
				1459768920944B1100B0FB6A /* CoreGraphics.framework in Frameworks */,
				1459768720944B0100B0FB6A /* CoreData.framework in Frameworks */,
				1459768520944AF800B0FB6A /* Accelerate.framework in Frameworks */,
				14597679209447A900B0FB6A /* FirebaseDatabase.framework in Frameworks */,
				145976702094479F00B0FB6A /* nanopb.framework in Frameworks */,
				1459766F2094479F00B0FB6A /* FirebaseInstanceID.framework in Frameworks */,
				1459767F2094494700B0FB6A /* GoogleMapsCore.framework in Frameworks */,
				145976742094479F00B0FB6A /* FirebaseCore.framework in Frameworks */,
				145976712094479F00B0FB6A /* FirebaseAnalytics.framework in Frameworks */,
				145976A820944BE500B0FB6A /* FirebaseStorage.framework in Frameworks */,
				145976802094494700B0FB6A /* GoogleMaps.framework in Frameworks */,
				1459767E2094494700B0FB6A /* GoogleMapsBase.framework in Frameworks */,
				145976752094479F00B0FB6A /* FirebaseCoreDiagnostics.framework in Frameworks */,
				14597678209447A900B0FB6A /* leveldb-library.framework in Frameworks */,
				145976722094479F00B0FB6A /* FirebaseNanoPB.framework in Frameworks */,
				145976AD20944CAC00B0FB6A /* Kingfisher.framework in Frameworks */,
				145976732094479F00B0FB6A /* GoogleToolboxForMac.framework in Frameworks */,
			);
			runOnlyForDeploymentPostprocessing = 0;
		};
/* End PBXFrameworksBuildPhase section */

/* Begin PBXGroup section */
		144A94D22073D6330024B912 = {
			isa = PBXGroup;
			children = (
				144A94DD2073D6330024B912 /* Dal */,
				144A94DC2073D6330024B912 /* Products */,
				1459768320944AF700B0FB6A /* Frameworks */,
			);
			sourceTree = "<group>";
		};
		144A94DC2073D6330024B912 /* Products */ = {
			isa = PBXGroup;
			children = (
				144A94DB2073D6330024B912 /* Dal.app */,
			);
			name = Products;
			sourceTree = "<group>";
		};
		144A94DD2073D6330024B912 /* Dal */ = {
			isa = PBXGroup;
			children = (
				1467194720925A0000D573CE /* restAPi */,
				144E80A1207509690049FEB3 /* GoogleService-Info.plist */,
				144A94F12073D88E0024B912 /* dataModel */,
				144A94F02073D8810024B912 /* helper */,
				144A94F22073D89C0024B912 /* controllers */,
				144A94DE2073D6330024B912 /* AppDelegate.swift */,
				144A94E22073D6330024B912 /* Main.storyboard */,
				144A94E52073D6340024B912 /* Assets.xcassets */,
				144A94E72073D6340024B912 /* LaunchScreen.storyboard */,
				144A94EA2073D6340024B912 /* Info.plist */,
				145976642094473A00B0FB6A /* Dal-Bridging-Header.h */,
				145976672094475600B0FB6A /* Frameworks */,
			);
			path = Dal;
			sourceTree = "<group>";
		};
		144A94F02073D8810024B912 /* helper */ = {
			isa = PBXGroup;
			children = (
				97A610EF20950921009AD7B4 /* dalEmptyStatus.swift */,
				1459767A209447B900B0FB6A /* Firebase.h */,
				14EB610B2093A7AF00D66196 /* IHKeyboardAvoiding */,
				14AF884D207EC8CF0055411E /* dalSelectin */,
				1461F239207B06260061DE1C /* dalAlert */,
				144E80D02075AB120049FEB3 /* protocals */,
				144A9504207416810024B912 /* cells */,
				144A94FA2073DC440024B912 /* extenssions */,
				144A94F32073DB370024B912 /* PageMenu */,
				1461F2332079872A0061DE1C /* dalBaseView.swift */,
				147E96052086788F0015BD73 /* locator.swift */,
				146718FF208EC33400D573CE /* userSessionManagement.swift */,
			);
			path = helper;
			sourceTree = "<group>";
		};
		144A94F12073D88E0024B912 /* dataModel */ = {
			isa = PBXGroup;
			children = (
				14671904208FD72100D573CE /* worker */,
				14671903208FD70D00D573CE /* section */,
				1461F25C207BC7EB0061DE1C /* skillModel.swift */,
				147E9607208686FE0015BD73 /* locationModel.swift */,
			);
			path = dataModel;
			sourceTree = "<group>";
		};
		144A94F22073D89C0024B912 /* controllers */ = {
			isa = PBXGroup;
			children = (
				14AF884A207EB96F0055411E /* addWorkerVC */,
				144A94E02073D6330024B912 /* HomeVC.swift */,
				144A95022074167A0024B912 /* WorkerCollectionVC.swift */,
				1461F235207995F90061DE1C /* workerDetailsVC.swift */,
				1461F2372079B28D0061DE1C /* baseViewController.swift */,
				14AF8848207E9DB90055411E /* googleMapVC.swift */,
				1466A92020883F4900C3B355 /* settingsVC.swift */,
				1467190720901B5200D573CE /* ratingVC.swift */,
			);
			path = controllers;
			sourceTree = "<group>";
		};
		144A94F32073DB370024B912 /* PageMenu */ = {
			isa = PBXGroup;
			children = (
				1461F2232078929D0061DE1C /* CAPSPageMenu.swift */,
				1461F2242078929E0061DE1C /* CAPSPageMenu+Options.swift */,
				1461F2262078929E0061DE1C /* CAPSPageMenu+UIConfiguration.swift */,
				1461F2272078929F0061DE1C /* CAPSPageMenu+UIGestureRecognizerDelegate.swift */,
				1461F2292078929F0061DE1C /* CAPSPageMenu+UIScrollViewDelegate.swift */,
				1461F2282078929F0061DE1C /* CAPSPageMenuConfiguration.swift */,
				1461F2252078929E0061DE1C /* MenuItemView.swift */,
				1461F231207896BF0061DE1C /* PageMenuDataModel.swift */,
			);
			path = PageMenu;
			sourceTree = "<group>";
		};
		144A94FA2073DC440024B912 /* extenssions */ = {
			isa = PBXGroup;
			children = (
				144A94FB2073DC6A0024B912 /* color.swift */,
				144A94FD2073DFA00024B912 /* UIViewController.swift */,
				144E80CC20757AEC0049FEB3 /* String.swift */,
				1461F21B207852D40061DE1C /* image.swift */,
				1461F21D207861450061DE1C /* view.swift */,
				1466A92220885FFF00C3B355 /* button.swift */,
			);
			path = extenssions;
			sourceTree = "<group>";
		};
		144A9504207416810024B912 /* cells */ = {
			isa = PBXGroup;
			children = (
				143564212077026300AEE097 /* workerCell.swift */,
				143564222077026300AEE097 /* workerCell.xib */,
			);
			path = cells;
			sourceTree = "<group>";
		};
		144E80D02075AB120049FEB3 /* protocals */ = {
			isa = PBXGroup;
			children = (
				144E80CE207580FE0049FEB3 /* dataFeederProtocol.swift */,
			);
			path = protocals;
			sourceTree = "<group>";
		};
		145976672094475600B0FB6A /* Frameworks */ = {
			isa = PBXGroup;
			children = (
				145976A620944BE300B0FB6A /* FirebaseStorage.framework */,
				145976A720944BE500B0FB6A /* GTMSessionFetcher.framework */,
				145976812094495C00B0FB6A /* GoogleMaps.bundle */,
				1459767D2094494700B0FB6A /* GoogleMaps.framework */,
				1459767B2094494200B0FB6A /* GoogleMapsBase.framework */,
				1459767C2094494500B0FB6A /* GoogleMapsCore.framework */,
				14597677209447A900B0FB6A /* FirebaseDatabase.framework */,
				14597676209447A700B0FB6A /* leveldb-library.framework */,
				1459766A2094479B00B0FB6A /* FirebaseAnalytics.framework */,
				1459766D2094479E00B0FB6A /* FirebaseCore.framework */,
				1459766E2094479F00B0FB6A /* FirebaseCoreDiagnostics.framework */,
				145976682094479800B0FB6A /* FirebaseInstanceID.framework */,
				1459766B2094479C00B0FB6A /* FirebaseNanoPB.framework */,
				1459766C2094479D00B0FB6A /* GoogleToolboxForMac.framework */,
				145976692094479900B0FB6A /* nanopb.framework */,
			);
			path = Frameworks;
			sourceTree = "<group>";
		};
		1459768320944AF700B0FB6A /* Frameworks */ = {
			isa = PBXGroup;
			children = (
				145976A220944B9E00B0FB6A /* Cosmos.framework */,
				145976A320944B9E00B0FB6A /* Kingfisher.framework */,
				145976A020944B8000B0FB6A /* UIKit.framework */,
				1459769E20944B7700B0FB6A /* SystemConfiguration.framework */,
				1459769C20944B6D00B0FB6A /* QuartzCore.framework */,
				1459769A20944B6400B0FB6A /* OpenGLES.framework */,
				1459769820944B5B00B0FB6A /* libz.tbd */,
				1459769620944B5100B0FB6A /* libc++.tbd */,
				1459769420944B4900B0FB6A /* ImageIO.framework */,
				1459769220944B4000B0FB6A /* GLKit.framework */,
				1459769020944B3700B0FB6A /* CoreText.framework */,
				1459768E20944B2D00B0FB6A /* CoreTelephony.framework */,
				1459768C20944B2300B0FB6A /* CoreLocation.framework */,
				1459768A20944B1B00B0FB6A /* CoreImage.framework */,
				1459768820944B1100B0FB6A /* CoreGraphics.framework */,
				1459768620944B0100B0FB6A /* CoreData.framework */,
				1459768420944AF800B0FB6A /* Accelerate.framework */,
			);
			name = Frameworks;
			sourceTree = "<group>";
		};
		1461F239207B06260061DE1C /* dalAlert */ = {
			isa = PBXGroup;
			children = (
				1461F23A207B06420061DE1C /* dalAlert.swift */,
				1461F23C207B08660061DE1C /* dalAlert-extentions.swift */,
			);
			path = dalAlert;
			sourceTree = "<group>";
		};
		14671903208FD70D00D573CE /* section */ = {
			isa = PBXGroup;
			children = (
				144E80C82075612D0049FEB3 /* sectionModel.swift */,
				14671901208FD6D600D573CE /* sectionsModel.swift */,
			);
			path = section;
			sourceTree = "<group>";
		};
		14671904208FD72100D573CE /* worker */ = {
			isa = PBXGroup;
			children = (
				144E80CA207561690049FEB3 /* workerModel.swift */,
				14671905208FD76100D573CE /* workersModel.swift */,
			);
			path = worker;
			sourceTree = "<group>";
		};
		1467194720925A0000D573CE /* restAPi */ = {
			isa = PBXGroup;
			children = (
				1467194820925A2300D573CE /* restAPI.swift */,
			);
			path = restAPi;
			sourceTree = "<group>";
		};
		14AF884A207EB96F0055411E /* addWorkerVC */ = {
			isa = PBXGroup;
			children = (
				14AF8846207E63030055411E /* addworkerVC.swift */,
			);
			path = addWorkerVC;
			sourceTree = "<group>";
		};
		14AF884D207EC8CF0055411E /* dalSelectin */ = {
			isa = PBXGroup;
			children = (
				14AF884E207EC9000055411E /* dalSelectionDataSource.swift */,
				14AF8850207EC9B20055411E /* dalSelection.swift */,
				14AF8852207EEC1F0055411E /* dalSelectionCell.xib */,
				14AF8854207EED440055411E /* dalSelectionCell.swift */,
			);
			path = dalSelectin;
			sourceTree = "<group>";
		};
		14EB610B2093A7AF00D66196 /* IHKeyboardAvoiding */ = {
			isa = PBXGroup;
			children = (
				14EB610D2093A7BD00D66196 /* KeyboardAvoiding.swift */,
				14EB610C2093A7BD00D66196 /* KeyboardDismissingView.swift */,
			);
			path = IHKeyboardAvoiding;
			sourceTree = "<group>";
		};
/* End PBXGroup section */

/* Begin PBXNativeTarget section */
		144A94DA2073D6330024B912 /* Dal */ = {
			isa = PBXNativeTarget;
			buildConfigurationList = 144A94ED2073D6340024B912 /* Build configuration list for PBXNativeTarget "Dal" */;
			buildPhases = (
				144A94D72073D6330024B912 /* Sources */,
				144A94D82073D6330024B912 /* Frameworks */,
				144A94D92073D6330024B912 /* Resources */,
				145976AC20944C9400B0FB6A /* Embed Frameworks */,
			);
			buildRules = (
			);
			dependencies = (
			);
			name = Dal;
			productName = Dal;
			productReference = 144A94DB2073D6330024B912 /* Dal.app */;
			productType = "com.apple.product-type.application";
		};
/* End PBXNativeTarget section */

/* Begin PBXProject section */
		144A94D32073D6330024B912 /* Project object */ = {
			isa = PBXProject;
			attributes = {
				LastSwiftUpdateCheck = 0930;
				LastUpgradeCheck = 0930;
				ORGANIZATIONNAME = "khalid almalki";
				TargetAttributes = {
					144A94DA2073D6330024B912 = {
						CreatedOnToolsVersion = 9.3;
						LastSwiftMigration = 0930;
						ProvisioningStyle = Automatic;
					};
				};
			};
			buildConfigurationList = 144A94D62073D6330024B912 /* Build configuration list for PBXProject "Dal" */;
			compatibilityVersion = "Xcode 8.0";
			developmentRegion = en;
			hasScannedForEncodings = 0;
			knownRegions = (
				en,
				Base,
			);
			mainGroup = 144A94D22073D6330024B912;
			productRefGroup = 144A94DC2073D6330024B912 /* Products */;
			projectDirPath = "";
			projectRoot = "";
			targets = (
				144A94DA2073D6330024B912 /* Dal */,
			);
		};
/* End PBXProject section */

/* Begin PBXResourcesBuildPhase section */
		144A94D92073D6330024B912 /* Resources */ = {
			isa = PBXResourcesBuildPhase;
			buildActionMask = 2147483647;
			files = (
				14AF8853207EEC1F0055411E /* dalSelectionCell.xib in Resources */,
				144A94E92073D6340024B912 /* LaunchScreen.storyboard in Resources */,
				144E80A22075096A0049FEB3 /* GoogleService-Info.plist in Resources */,
				143564242077026300AEE097 /* workerCell.xib in Resources */,
				144A94E62073D6340024B912 /* Assets.xcassets in Resources */,
				144A94E42073D6330024B912 /* Main.storyboard in Resources */,
				145976822094495C00B0FB6A /* GoogleMaps.bundle in Resources */,
			);
			runOnlyForDeploymentPostprocessing = 0;
		};
/* End PBXResourcesBuildPhase section */

/* Begin PBXSourcesBuildPhase section */
		144A94D72073D6330024B912 /* Sources */ = {
			isa = PBXSourcesBuildPhase;
			buildActionMask = 2147483647;
			files = (
				97A610F020950921009AD7B4 /* dalEmptyStatus.swift in Sources */,
				144A94FE2073DFA00024B912 /* UIViewController.swift in Sources */,
				14671900208EC33400D573CE /* userSessionManagement.swift in Sources */,
				1461F21E207861450061DE1C /* view.swift in Sources */,
				144E80CD20757AED0049FEB3 /* String.swift in Sources */,
				143564232077026300AEE097 /* workerCell.swift in Sources */,
				1461F2382079B28D0061DE1C /* baseViewController.swift in Sources */,
				144E80CB207561690049FEB3 /* workerModel.swift in Sources */,
				1461F232207896BF0061DE1C /* PageMenuDataModel.swift in Sources */,
				1467194920925A2300D573CE /* restAPI.swift in Sources */,
				147E96062086788F0015BD73 /* locator.swift in Sources */,
				14671902208FD6D600D573CE /* sectionsModel.swift in Sources */,
				1461F22A2078929F0061DE1C /* CAPSPageMenu.swift in Sources */,
				14AF884F207EC9000055411E /* dalSelectionDataSource.swift in Sources */,
				1461F25D207BC7EB0061DE1C /* skillModel.swift in Sources */,
				1461F236207995F90061DE1C /* workerDetailsVC.swift in Sources */,
				1461F23B207B06420061DE1C /* dalAlert.swift in Sources */,
				1461F22F2078929F0061DE1C /* CAPSPageMenuConfiguration.swift in Sources */,
				14AF8849207E9DB90055411E /* googleMapVC.swift in Sources */,
				1461F22B2078929F0061DE1C /* CAPSPageMenu+Options.swift in Sources */,
				1467190820901B5200D573CE /* ratingVC.swift in Sources */,
				1461F22E2078929F0061DE1C /* CAPSPageMenu+UIGestureRecognizerDelegate.swift in Sources */,
				1461F23D207B08660061DE1C /* dalAlert-extentions.swift in Sources */,
				147E9608208686FE0015BD73 /* locationModel.swift in Sources */,
				144A94E12073D6330024B912 /* HomeVC.swift in Sources */,
				1466A92120883F4900C3B355 /* settingsVC.swift in Sources */,
				1461F22D2078929F0061DE1C /* CAPSPageMenu+UIConfiguration.swift in Sources */,
				14AF8855207EED440055411E /* dalSelectionCell.swift in Sources */,
				144E80CF207580FE0049FEB3 /* dataFeederProtocol.swift in Sources */,
				1461F21C207852D40061DE1C /* image.swift in Sources */,
				144A94FC2073DC6A0024B912 /* color.swift in Sources */,
				1461F2302078929F0061DE1C /* CAPSPageMenu+UIScrollViewDelegate.swift in Sources */,
				1461F2342079872A0061DE1C /* dalBaseView.swift in Sources */,
				144A95032074167A0024B912 /* WorkerCollectionVC.swift in Sources */,
				14EB610E2093A7BD00D66196 /* KeyboardDismissingView.swift in Sources */,
				144E80C92075612D0049FEB3 /* sectionModel.swift in Sources */,
				14AF8851207EC9B20055411E /* dalSelection.swift in Sources */,
				14671906208FD76100D573CE /* workersModel.swift in Sources */,
				14EB610F2093A7BD00D66196 /* KeyboardAvoiding.swift in Sources */,
				1461F22C2078929F0061DE1C /* MenuItemView.swift in Sources */,
				14AF8847207E63030055411E /* addworkerVC.swift in Sources */,
				1466A92320885FFF00C3B355 /* button.swift in Sources */,
				144A94DF2073D6330024B912 /* AppDelegate.swift in Sources */,
			);
			runOnlyForDeploymentPostprocessing = 0;
		};
/* End PBXSourcesBuildPhase section */

/* Begin PBXVariantGroup section */
		144A94E22073D6330024B912 /* Main.storyboard */ = {
			isa = PBXVariantGroup;
			children = (
				144A94E32073D6330024B912 /* Base */,
			);
			name = Main.storyboard;
			sourceTree = "<group>";
		};
		144A94E72073D6340024B912 /* LaunchScreen.storyboard */ = {
			isa = PBXVariantGroup;
			children = (
				144A94E82073D6340024B912 /* Base */,
			);
			name = LaunchScreen.storyboard;
			sourceTree = "<group>";
		};
/* End PBXVariantGroup section */

/* Begin XCBuildConfiguration section */
		144A94EB2073D6340024B912 /* Debug */ = {
			isa = XCBuildConfiguration;
			buildSettings = {
				ALWAYS_SEARCH_USER_PATHS = NO;
				CLANG_ANALYZER_NONNULL = YES;
				CLANG_ANALYZER_NUMBER_OBJECT_CONVERSION = YES_AGGRESSIVE;
				CLANG_CXX_LANGUAGE_STANDARD = "gnu++14";
				CLANG_CXX_LIBRARY = "libc++";
				CLANG_ENABLE_MODULES = YES;
				CLANG_ENABLE_OBJC_ARC = YES;
				CLANG_ENABLE_OBJC_WEAK = YES;
				CLANG_WARN_BLOCK_CAPTURE_AUTORELEASING = YES;
				CLANG_WARN_BOOL_CONVERSION = YES;
				CLANG_WARN_COMMA = YES;
				CLANG_WARN_CONSTANT_CONVERSION = YES;
				CLANG_WARN_DEPRECATED_OBJC_IMPLEMENTATIONS = YES;
				CLANG_WARN_DIRECT_OBJC_ISA_USAGE = YES_ERROR;
				CLANG_WARN_DOCUMENTATION_COMMENTS = YES;
				CLANG_WARN_EMPTY_BODY = YES;
				CLANG_WARN_ENUM_CONVERSION = YES;
				CLANG_WARN_INFINITE_RECURSION = YES;
				CLANG_WARN_INT_CONVERSION = YES;
				CLANG_WARN_NON_LITERAL_NULL_CONVERSION = YES;
				CLANG_WARN_OBJC_IMPLICIT_RETAIN_SELF = YES;
				CLANG_WARN_OBJC_LITERAL_CONVERSION = YES;
				CLANG_WARN_OBJC_ROOT_CLASS = YES_ERROR;
				CLANG_WARN_RANGE_LOOP_ANALYSIS = YES;
				CLANG_WARN_STRICT_PROTOTYPES = YES;
				CLANG_WARN_SUSPICIOUS_MOVE = YES;
				CLANG_WARN_UNGUARDED_AVAILABILITY = YES_AGGRESSIVE;
				CLANG_WARN_UNREACHABLE_CODE = YES;
				CLANG_WARN__DUPLICATE_METHOD_MATCH = YES;
				CODE_SIGN_IDENTITY = "iPhone Developer";
				COPY_PHASE_STRIP = NO;
				DEBUG_INFORMATION_FORMAT = dwarf;
				ENABLE_STRICT_OBJC_MSGSEND = YES;
				ENABLE_TESTABILITY = YES;
				GCC_C_LANGUAGE_STANDARD = gnu11;
				GCC_DYNAMIC_NO_PIC = NO;
				GCC_NO_COMMON_BLOCKS = YES;
				GCC_OPTIMIZATION_LEVEL = 0;
				GCC_PREPROCESSOR_DEFINITIONS = (
					"DEBUG=1",
					"$(inherited)",
				);
				GCC_WARN_64_TO_32_BIT_CONVERSION = YES;
				GCC_WARN_ABOUT_RETURN_TYPE = YES_ERROR;
				GCC_WARN_UNDECLARED_SELECTOR = YES;
				GCC_WARN_UNINITIALIZED_AUTOS = YES_AGGRESSIVE;
				GCC_WARN_UNUSED_FUNCTION = YES;
				GCC_WARN_UNUSED_VARIABLE = YES;
				IPHONEOS_DEPLOYMENT_TARGET = 11.0;
				MTL_ENABLE_DEBUG_INFO = YES;
				ONLY_ACTIVE_ARCH = YES;
				SDKROOT = iphoneos;
				SWIFT_ACTIVE_COMPILATION_CONDITIONS = DEBUG;
				SWIFT_OPTIMIZATION_LEVEL = "-Onone";
			};
			name = Debug;
		};
		144A94EC2073D6340024B912 /* Release */ = {
			isa = XCBuildConfiguration;
			buildSettings = {
				ALWAYS_SEARCH_USER_PATHS = NO;
				CLANG_ANALYZER_NONNULL = YES;
				CLANG_ANALYZER_NUMBER_OBJECT_CONVERSION = YES_AGGRESSIVE;
				CLANG_CXX_LANGUAGE_STANDARD = "gnu++14";
				CLANG_CXX_LIBRARY = "libc++";
				CLANG_ENABLE_MODULES = YES;
				CLANG_ENABLE_OBJC_ARC = YES;
				CLANG_ENABLE_OBJC_WEAK = YES;
				CLANG_WARN_BLOCK_CAPTURE_AUTORELEASING = YES;
				CLANG_WARN_BOOL_CONVERSION = YES;
				CLANG_WARN_COMMA = YES;
				CLANG_WARN_CONSTANT_CONVERSION = YES;
				CLANG_WARN_DEPRECATED_OBJC_IMPLEMENTATIONS = YES;
				CLANG_WARN_DIRECT_OBJC_ISA_USAGE = YES_ERROR;
				CLANG_WARN_DOCUMENTATION_COMMENTS = YES;
				CLANG_WARN_EMPTY_BODY = YES;
				CLANG_WARN_ENUM_CONVERSION = YES;
				CLANG_WARN_INFINITE_RECURSION = YES;
				CLANG_WARN_INT_CONVERSION = YES;
				CLANG_WARN_NON_LITERAL_NULL_CONVERSION = YES;
				CLANG_WARN_OBJC_IMPLICIT_RETAIN_SELF = YES;
				CLANG_WARN_OBJC_LITERAL_CONVERSION = YES;
				CLANG_WARN_OBJC_ROOT_CLASS = YES_ERROR;
				CLANG_WARN_RANGE_LOOP_ANALYSIS = YES;
				CLANG_WARN_STRICT_PROTOTYPES = YES;
				CLANG_WARN_SUSPICIOUS_MOVE = YES;
				CLANG_WARN_UNGUARDED_AVAILABILITY = YES_AGGRESSIVE;
				CLANG_WARN_UNREACHABLE_CODE = YES;
				CLANG_WARN__DUPLICATE_METHOD_MATCH = YES;
				CODE_SIGN_IDENTITY = "iPhone Developer";
				COPY_PHASE_STRIP = NO;
				DEBUG_INFORMATION_FORMAT = "dwarf-with-dsym";
				ENABLE_NS_ASSERTIONS = NO;
				ENABLE_STRICT_OBJC_MSGSEND = YES;
				GCC_C_LANGUAGE_STANDARD = gnu11;
				GCC_NO_COMMON_BLOCKS = YES;
				GCC_WARN_64_TO_32_BIT_CONVERSION = YES;
				GCC_WARN_ABOUT_RETURN_TYPE = YES_ERROR;
				GCC_WARN_UNDECLARED_SELECTOR = YES;
				GCC_WARN_UNINITIALIZED_AUTOS = YES_AGGRESSIVE;
				GCC_WARN_UNUSED_FUNCTION = YES;
				GCC_WARN_UNUSED_VARIABLE = YES;
				IPHONEOS_DEPLOYMENT_TARGET = 11.0;
				MTL_ENABLE_DEBUG_INFO = NO;
				SDKROOT = iphoneos;
				SWIFT_OPTIMIZATION_LEVEL = "-Owholemodule";
				VALIDATE_PRODUCT = YES;
			};
			name = Release;
		};
		144A94EE2073D6340024B912 /* Debug */ = {
			isa = XCBuildConfiguration;
			buildSettings = {
				ASSETCATALOG_COMPILER_APPICON_NAME = AppIcon;
				CLANG_ENABLE_MODULES = YES;
				CODE_SIGN_STYLE = Automatic;
				DEVELOPMENT_TEAM = FT5TU5KEM8;
				FRAMEWORK_SEARCH_PATHS = (
					"$(inherited)",
					"$(PROJECT_DIR)/Dal/Frameworks",
					"$(PROJECT_DIR)/Carthage/Build/iOS",
				);
				INFOPLIST_FILE = Dal/Info.plist;
				LD_RUNPATH_SEARCH_PATHS = "$(inherited) $(SRCROOT) @executable_path/Frameworks";
				OTHER_LDFLAGS = "-ObjC";
				PRODUCT_BUNDLE_IDENTIFIER = com.khaild.Dal;
				PRODUCT_NAME = "$(TARGET_NAME)";
				SWIFT_OBJC_BRIDGING_HEADER = "Dal/Dal-Bridging-Header.h";
				SWIFT_OPTIMIZATION_LEVEL = "-Onone";
				SWIFT_VERSION = 4.0;
				TARGETED_DEVICE_FAMILY = 1;
			};
			name = Debug;
		};
		144A94EF2073D6340024B912 /* Release */ = {
			isa = XCBuildConfiguration;
			buildSettings = {
				ASSETCATALOG_COMPILER_APPICON_NAME = AppIcon;
				CLANG_ENABLE_MODULES = YES;
				CODE_SIGN_STYLE = Automatic;
				DEVELOPMENT_TEAM = FT5TU5KEM8;
				FRAMEWORK_SEARCH_PATHS = (
					"$(inherited)",
					"$(PROJECT_DIR)/Dal/Frameworks",
					"$(PROJECT_DIR)/Carthage/Build/iOS",
				);
				INFOPLIST_FILE = Dal/Info.plist;
				LD_RUNPATH_SEARCH_PATHS = "$(inherited) $(SRCROOT) @executable_path/Frameworks";
				OTHER_LDFLAGS = "-ObjC";
				PRODUCT_BUNDLE_IDENTIFIER = com.khaild.Dal;
				PRODUCT_NAME = "$(TARGET_NAME)";
				SWIFT_OBJC_BRIDGING_HEADER = "Dal/Dal-Bridging-Header.h";
				SWIFT_VERSION = 4.0;
				TARGETED_DEVICE_FAMILY = 1;
			};
			name = Release;
		};
/* End XCBuildConfiguration section */

/* Begin XCConfigurationList section */
		144A94D62073D6330024B912 /* Build configuration list for PBXProject "Dal" */ = {
			isa = XCConfigurationList;
			buildConfigurations = (
				144A94EB2073D6340024B912 /* Debug */,
				144A94EC2073D6340024B912 /* Release */,
			);
			defaultConfigurationIsVisible = 0;
			defaultConfigurationName = Release;
		};
		144A94ED2073D6340024B912 /* Build configuration list for PBXNativeTarget "Dal" */ = {
			isa = XCConfigurationList;
			buildConfigurations = (
				144A94EE2073D6340024B912 /* Debug */,
				144A94EF2073D6340024B912 /* Release */,
			);
			defaultConfigurationIsVisible = 0;
			defaultConfigurationName = Release;
		};
/* End XCConfigurationList section */
	};
	rootObject = 144A94D32073D6330024B912 /* Project object */;
}
